# This file is generated by running "yarn install" inside your project.
# Manual changes might be lost - proceed with caution!

__metadata:
  version: 6
  cacheKey: 8

"@types/node@npm:*":
  version: 12.6.8
  resolution: "@types/node@npm:12.6.8"
  checksum: b0079ab6c10c6f62e9f6dc75b15446a0c21e476b9ff23977639a96407c34fb1354fbfa8edd6f18cc80b1f21e21d393eefbf5a2d48034f74c4c770d4ce2608d07
  languageName: node
  linkType: hard

"asap@npm:~2.0.3":
  version: 2.0.6
  resolution: "asap@npm:2.0.6"
  checksum: b296c92c4b969e973260e47523207cd5769abd27c245a68c26dc7a0fe8053c55bb04360237cb51cab1df52be939da77150ace99ad331fb7fb13b3423ed73ff3d
  languageName: node
  linkType: hard

"boolbase@npm:~1.0.0":
  version: 1.0.0
  resolution: "boolbase@npm:1.0.0"
  checksum: 3e25c80ef626c3a3487c73dbfc70ac322ec830666c9ad915d11b701142fab25ec1e63eff2c450c74347acfd2de854ccde865cd79ef4db1683f7c7b046ea43bb0
  languageName: node
  linkType: hard

"cheerio@npm:1.0.0-rc.1":
  version: 1.0.0-rc.1
  resolution: "cheerio@npm:1.0.0-rc.1"
  dependencies:
    css-select: ~1.2.0
    dom-serializer: ~0.1.0
    entities: ~1.1.1
    htmlparser2: ^3.9.1
    lodash: ^4.15.0
    parse5: ^3.0.1
  checksum: 9f834be4c2e089459262d1452d9a532cb076ba5d734d1cc090aab582e51a012b7823f01f9f33a4d4058e13e0f0956104fe87ac3dbad37999ce7b0b66a3c5ac3b
  languageName: node
  linkType: hard

"coffee-script@npm:^1.10.0, coffee-script@npm:^1.12.4":
  version: 1.12.7
  resolution: "coffee-script@npm:1.12.7"
  bin:
    cake: ./bin/cake
    coffee: ./bin/coffee
  checksum: cce8dd15eda581c4c990aefcb0c8b1973713bae6b905baa5916de60e11bdc497fca68c119df20dff72b77c48e871f1bff200b61053526035a64b993b76a90d71
  languageName: node
  linkType: hard

"cson-parser@npm:^1.3.4":
  version: 1.3.5
  resolution: "cson-parser@npm:1.3.5"
  dependencies:
    coffee-script: ^1.10.0
  checksum: e54cbbc6fc0e52bc9a1114fdb940b2548cc4bc033ef91c3d2601800766e2b47f680f39c943952dee20dba9e853703cc510fb5385d8fdf91ea3f15ca143bcc1af
  languageName: node
  linkType: hard

"cson@npm:~4.1.0":
  version: 4.1.0
  resolution: "cson@npm:4.1.0"
  dependencies:
    coffee-script: ^1.12.4
    cson-parser: ^1.3.4
    extract-opts: ^3.3.1
    requirefresh: ^2.1.0
    safefs: ^4.1.0
  bin:
    cson2json: bin/cson2json
    json2cson: bin/json2cson
  checksum: 7e3a59a457388b2d3a879bc29628e11361164de8b7cc2e24aaccd531b9efe3300af9a231ebd3523f30bad4f41ec409b8fc4aa0d60a83ea35ce82bf9c031cfe91
  languageName: node
  linkType: hard

"css-select@npm:~1.2.0":
  version: 1.2.0
  resolution: "css-select@npm:1.2.0"
  dependencies:
    boolbase: ~1.0.0
    css-what: 2.1
    domutils: 1.5.1
    nth-check: ~1.0.1
  checksum: 607cca60d2f5c56701fe5f800bbe668b114395c503d4e4808edbbbe70b8be3c96a6407428dc0227fcbdf335b20468e6a9e7fd689185edfb57d402e1e4837c9b7
  languageName: node
  linkType: hard

"css-what@npm:2.1":
  version: 2.1.3
  resolution: "css-what@npm:2.1.3"
  checksum: a52d56c591a7e1c37506d0d8c4fdef72537fb8eb4cb68711485997a88d76b5a3342b73a7c79176268f95b428596c447ad7fa3488224a6b8b532e2f1f2ee8545c
  languageName: node
  linkType: hard

"dom-serializer@npm:0, dom-serializer@npm:~0.1.0":
  version: 0.1.1
  resolution: "dom-serializer@npm:0.1.1"
  dependencies:
    domelementtype: ^1.3.0
    entities: ^1.1.1
  checksum: 4f6a3eff802273741931cfd3c800fab4e683236eed10628d6605f52538a6bc0ce4770f3ca2ad68a27412c103ae9b6cdaed3c0a8e20d2704192bde497bc875215
  languageName: node
  linkType: hard

"domelementtype@npm:1, domelementtype@npm:^1.3.0, domelementtype@npm:^1.3.1":
  version: 1.3.1
  resolution: "domelementtype@npm:1.3.1"
  checksum: 7893da40218ae2106ec6ffc146b17f203487a52f5228b032ea7aa470e41dfe03e1bd762d0ee0139e792195efda765434b04b43cddcf63207b098f6ae44b36ad6
  languageName: node
  linkType: hard

"domhandler@npm:^2.3.0":
  version: 2.4.2
  resolution: "domhandler@npm:2.4.2"
  dependencies:
    domelementtype: 1
  checksum: 49bd70c9c784f845cd047e1dfb3611bd10891c05719acfc93f01fc726a419ed09fbe0b69f9064392d556a63fffc5a02010856cedae9368f4817146d95a97011f
  languageName: node
  linkType: hard

"domutils@npm:1.5.1, domutils@npm:^1.5.1":
  version: 1.5.1
  resolution: "domutils@npm:1.5.1"
  dependencies:
    dom-serializer: 0
    domelementtype: 1
  checksum: 800d1f9d1c2e637267dae078ff6e24461e6be1baeb52fa70f2e7e7520816c032a925997cd15d822de53ef9896abb1f35e5c439d301500a9cd6b46a395f6f6ca0
  languageName: node
  linkType: hard

"eachr@npm:^3.2.0":
  version: 3.2.0
  resolution: "eachr@npm:3.2.0"
  dependencies:
    editions: ^1.1.1
    typechecker: ^4.3.0
  checksum: 091ad725a986d45f1c33fd2724ba4efe821a3a5f01540baea3fce9b6d61519010ab0928825e6b3c3946986d326859f05c9234a4dad40960c7edf3c2c90ff52e4
  languageName: node
  linkType: hard

"editions@npm:^1.1.1":
  version: 1.3.4
  resolution: "editions@npm:1.3.4"
  checksum: 8c2041459816db2cacac53598a9bca7928a7de2c5eb0dae532c2273a60ef83acbd807ce33ff1cd5cf7aa547737c55f7f4b52436752df0f13f5936efa329c13f7
  languageName: node
  linkType: hard

"editions@npm:^2.1.0, editions@npm:^2.1.2, editions@npm:^2.1.3":
  version: 2.1.3
  resolution: "editions@npm:2.1.3"
  dependencies:
    errlop: ^1.1.1
    semver: ^5.6.0
  checksum: aae293147fc5ac3309076479b01bad924e2eba92e6880d17eebd0e1d730672ccd608cc06a20eca913f41ca80e38e099b3005957ac37a4766c0dd57ea59ded985
  languageName: node
  linkType: hard

"entities@npm:^1.1.1, entities@npm:~1.1.1":
  version: 1.1.2
  resolution: "entities@npm:1.1.2"
  checksum: d537b02799bdd4784ffd714d000597ed168727bddf4885da887c5a491d735739029a00794f1998abbf35f3f6aeda32ef5c15010dca1817d401903a501b6d3e05
  languageName: node
  linkType: hard

"errlop@npm:^1.1.1":
  version: 1.1.1
  resolution: "errlop@npm:1.1.1"
  dependencies:
    editions: ^2.1.2
  checksum: 11dd9da050c71eea5ba604246e9efed16a002868a531aec1f9c11f6e58f5167a170f786f5996614c1139306e20898464e8b2b8208a4dfc2046b0b81ae2ee792b
  languageName: node
  linkType: hard

"extract-opts@npm:^3.3.1":
  version: 3.3.1
  resolution: "extract-opts@npm:3.3.1"
  dependencies:
    eachr: ^3.2.0
    editions: ^1.1.1
    typechecker: ^4.3.0
  checksum: 652160b69f6297c464955cbfcf3f6fa2d3a90e81a0fad997cb5374394ea4318681fb81fa28456182ead0f89302e208e98951f8e0c5a981867c0e09b7f0fb693c
  languageName: node
  linkType: hard

"graceful-fs@npm:^4.1.4":
  version: 4.2.0
  resolution: "graceful-fs@npm:4.2.0"
  checksum: 7e605b03dc8a4b5296fd52e7b999f12f8d7e7cc32975dd78721ceac0b43086f0a42174f491cd0eab1bbc52f6807b275436a9cdc98063e4a48f0611cc802b49a6
  languageName: node
  linkType: hard

"htmlparser2@npm:^3.9.1":
  version: 3.10.1
  resolution: "htmlparser2@npm:3.10.1"
  dependencies:
    domelementtype: ^1.3.1
    domhandler: ^2.3.0
    domutils: ^1.5.1
    entities: ^1.1.1
    inherits: ^2.0.1
    readable-stream: ^3.1.1
  checksum: 6875f7dd875aa10be17d9b130e3738cd8ed4010b1f2edaf4442c82dfafe9d9336b155870dcc39f38843cbf7fef5e4fcfdf0c4c1fd4db3a1b91a1e0ee8f6c3475
  languageName: node
  linkType: hard

"inherits@npm:^2.0.1, inherits@npm:^2.0.3":
  version: 2.0.4
  resolution: "inherits@npm:2.0.4"
  checksum: 4a48a733847879d6cf6691860a6b1e3f0f4754176e4d71494c41f3475553768b10f84b5ce1d40fbd0e34e6bfbb864ee35858ad4dd2cf31e02fc4a154b724d7f1
  languageName: node
  linkType: hard

"lodash@npm:^4.15.0":
  version: 4.17.15
  resolution: "lodash@npm:4.17.15"
  checksum: bb689bc88c0645b7002a045cdbe32292ae51d5d2a6f6a5272cb5a5ace9b06700bb3d30c6be6ecfae9a70f9c943f60e90765033fc7ff706cf9219374eeda314ad
  languageName: node
  linkType: hard

"long@npm:^3.2.0":
  version: 3.2.0
  resolution: "long@npm:3.2.0"
  checksum: bc27bdeab42cb2f25d0a0faf5fbf77b657bd59236ae0ed649c44f91f35e632230ebd0c62d208bb4e9c69ca558a45e9c9c0810e6b5c0380a1754b8f3b5b7b62d7
  languageName: node
  linkType: hard

"npm-yarn@workspace:.":
  version: 0.0.0-use.local
  resolution: "npm-yarn@workspace:."
  dependencies:
    cheerio: 1.0.0-rc.1
    cson: ~4.1.0
    long: ^3.2.0
    promise: ~7.3.1
  dependenciesMeta:
    promise:
      optional: true
  languageName: unknown
  linkType: soft

"nth-check@npm:~1.0.1":
  version: 1.0.2
  resolution: "nth-check@npm:1.0.2"
  dependencies:
    boolbase: ~1.0.0
  checksum: 59e115fdd75b971d0030f42ada3aac23898d4c03aa13371fa8b3339d23461d1badf3fde5aad251fb956aaa75c0a3b9bfcd07c08a34a83b4f9dadfdce1d19337c
  languageName: node
  linkType: hard

"parse5@npm:^3.0.1":
  version: 3.0.3
  resolution: "parse5@npm:3.0.3"
  dependencies:
    "@types/node": "*"
  checksum: 6a82d59d60496f4a8bba99daee37eda728adb403197b9c9a163dcc02e369758992bcc67f1618d4f1445f4b12e7651e001c2847e446b8376d4d706e1d571f570d
  languageName: node
  linkType: hard

"promise@npm:~7.3.1":
  version: 7.3.1
  resolution: "promise@npm:7.3.1"
  dependencies:
    asap: ~2.0.3
  checksum: 475bb069130179fbd27ed2ab45f26d8862376a137a57314cf53310bdd85cc986a826fd585829be97ebc0aaf10e9d8e68be1bfe5a4a0364144b1f9eedfa940cf1
  languageName: node
  linkType: hard

"readable-stream@npm:^3.1.1":
  version: 3.4.0
  resolution: "readable-stream@npm:3.4.0"
  dependencies:
    inherits: ^2.0.3
    string_decoder: ^1.1.1
    util-deprecate: ^1.0.1
  checksum: cb4a55018facb15312e2f91a0389d0cc41b88afef6fd9f533db75533ec60102bafd6fd0185699aa3328a3b2301e2f867ef1903f1b7389f916614edbc53359b94
  languageName: node
  linkType: hard

"requirefresh@npm:^2.1.0":
  version: 2.2.0
  resolution: "requirefresh@npm:2.2.0"
  dependencies:
    editions: ^2.1.3
  checksum: 227b9875431c6a254e17ed401dc7f92737db43510455f81364300db16db7a9274696787734e696981b425727d30faa556c49d04ced31e40ca65f9a7eae9762b1
  languageName: node
  linkType: hard

"safe-buffer@npm:~5.1.0":
  version: 5.1.2
  resolution: "safe-buffer@npm:5.1.2"
  checksum: f2f1f7943ca44a594893a852894055cf619c1fbcb611237fc39e461ae751187e7baf4dc391a72125e0ac4fb2d8c5c0b3c71529622e6a58f46b960211e704903c
  languageName: node
  linkType: hard

"safefs@npm:^4.1.0":
  version: 4.1.0
  resolution: "safefs@npm:4.1.0"
  dependencies:
    editions: ^1.1.1
    graceful-fs: ^4.1.4
  checksum: f83ac2d613f5a1695ab9deccb04d5238b1366853c9df0a353d7bacd7ec0959d252959eaf73a423afdfb418079ac250dc95024e9d8872c96c829cb8118537cf17
  languageName: node
  linkType: hard

"semver@npm:^5.6.0":
  version: 5.7.0
  resolution: "semver@npm:5.7.0"
  bin:
    semver: ./bin/semver
  checksum: 25d150834511d12ae0c1a0f012f294cb176b1497534c51c5ebb6209b7e8ab3845c6df4f1c078921487e6bcfcf0abd56ffdcabf38ef26d4e1bd93fdca0762cae4
  languageName: node
  linkType: hard

"string_decoder@npm:^1.1.1":
  version: 1.2.0
  resolution: "string_decoder@npm:1.2.0"
  dependencies:
    safe-buffer: ~5.1.0
  checksum: 7a36a08f12bab92a25afbe5492bc5c0571582961a05c4e84eac74fdd5af43cf553c457231d9b76622f2b6cd45aa8cebf38bc69819ccdcec0bcd010fd15e15348
  languageName: node
  linkType: hard

"typechecker@npm:^4.3.0":
  version: 4.7.0
  resolution: "typechecker@npm:4.7.0"
  dependencies:
    editions: ^2.1.0
  checksum: ea0aa32bd8808b10c5297fb8a547706ec411c65a00917dd0f981022b666aed1fbaa81f75744571efe3fcb5a04a1a1f87b8a7a7789b5436eb066aba5960916540
  languageName: node
  linkType: hard

"util-deprecate@npm:^1.0.1":
  version: 1.0.2
  resolution: "util-deprecate@npm:1.0.2"
  checksum: 474acf1146cb2701fe3b074892217553dfcf9a031280919ba1b8d651a068c9b15d863b7303cb15bd00a862b498e6cf4ad7b4a08fb134edd5a6f7641681cb54a2
  languageName: node
  linkType: hard
