# This file is generated by running "yarn install" inside your project.
# Manual changes might be lost - proceed with caution!

__metadata:
  version: 8
  cacheKey: 10c0

"function-bind@npm:^1.1.2":
  version: 1.1.2
  resolution: "function-bind@npm:1.1.2"
  checksum: d8680ee1e5fcd4c197e4ac33b2b4dce03c71f4d91717292785703db200f5c21f977c568d28061226f9b5900cbcd2c84463646134fd5337e7925e0942bc3f46d5
  languageName: node
  linkType: hard

"hasown@npm:^2.0.2":
  version: 2.0.2
  resolution: "hasown@npm:2.0.2"
  dependencies:
    function-bind: "npm:^1.1.2"
  checksum: 3769d434703b8ac66b209a4cca0737519925bbdb61dd887f93a16372b14694c63ff4e797686d87c90f08168e81082248b9b028bad60d4da9e0d1148766f56eb9
  languageName: node
  linkType: hard

"is-core-module@npm:^2.13.0":
  version: 2.16.1
  resolution: "is-core-module@npm:2.16.1"
  dependencies:
    hasown: "npm:^2.0.2"
  checksum: 898443c14780a577e807618aaae2b6f745c8538eca5c7bc11388a3f2dc6de82b9902bcc7eb74f07be672b11bbe82dd6a6edded44a00cb3d8f933d0459905eedd
  languageName: node
  linkType: hard

"path-parse@npm:^1.0.7":
  version: 1.0.7
  resolution: "path-parse@npm:1.0.7"
  checksum: 11ce261f9d294cc7a58d6a574b7f1b935842355ec66fba3c3fd79e0f036462eaf07d0aa95bb74ff432f9afef97ce1926c720988c6a7451d8a584930ae7de86e1
  languageName: node
  linkType: hard

"resolve@npm:1.22.8":
  version: 1.22.8
  resolution: "resolve@npm:1.22.8"
  dependencies:
    is-core-module: "npm:^2.13.0"
    path-parse: "npm:^1.0.7"
    supports-preserve-symlinks-flag: "npm:^1.0.0"
  bin:
    resolve: bin/resolve
  checksum: 07e179f4375e1fd072cfb72ad66d78547f86e6196c4014b31cb0b8bb1db5f7ca871f922d08da0fbc05b94e9fd42206f819648fa3b5b873ebbc8e1dc68fec433a
  languageName: node
  linkType: hard

"resolve@patch:resolve@npm%3A1.22.8#optional!builtin<compat/resolve>":
  version: 1.22.8
  resolution: "resolve@patch:resolve@npm%3A1.22.8#optional!builtin<compat/resolve>::version=1.22.8&hash=c3c19d"
  dependencies:
    is-core-module: "npm:^2.13.0"
    path-parse: "npm:^1.0.7"
    supports-preserve-symlinks-flag: "npm:^1.0.0"
  bin:
    resolve: bin/resolve
  checksum: 0446f024439cd2e50c6c8fa8ba77eaa8370b4180f401a96abf3d1ebc770ac51c1955e12764cde449fde3fff480a61f84388e3505ecdbab778f4bef5f8212c729
  languageName: node
  linkType: hard

"supports-preserve-symlinks-flag@npm:^1.0.0":
  version: 1.0.0
  resolution: "supports-preserve-symlinks-flag@npm:1.0.0"
  checksum: 6c4032340701a9950865f7ae8ef38578d8d7053f5e10518076e6554a9381fa91bd9c6850193695c141f32b21f979c985db07265a758867bac95de05f7d8aeb39
  languageName: node
  linkType: hard

"yarn 4 project with patched dependency@workspace:.":
  version: 0.0.0-use.local
  resolution: "yarn 4 project with patched dependency@workspace:."
  dependencies:
    resolve: "npm:1.22.8"
  languageName: unknown
  linkType: soft
