# This file is generated by running "yarn install" inside your project.
# Manual changes might be lost - proceed with caution!

__metadata:
  version: 6
  cacheKey: 8

"@csstools/color-helpers@npm:^6.1.1":
  version: 6.1.1
  resolution: "@csstools/color-helpers@npm:6.1.1"
  checksum: a1a076a0f8d564e491102e7e79a64da56853044243cae9171545f62cccb7fb2c365d5597f955c3b20ece723732361a552fe146d2d8d75a89a81363450e49a607
  languageName: node
  linkType: hard

"@csstools/css-calc@npm:^3.3.0":
  version: 3.3.0
  resolution: "@csstools/css-calc@npm:3.3.0"
  peerDependencies:
    "@csstools/css-parser-algorithms": ^4.0.0
    "@csstools/css-tokenizer": ^4.0.0
  checksum: 77bac1965896a983d927d4f39c51018bdfd80a33fe7ed6f2ab8fb60c450ce26543ec9b5f35c4c06802c3818c0a60acb312d9e81e2d18239dc2cc5814d22147cd
  languageName: node
  linkType: hard

"@csstools/css-color-parser@npm:^4.2.0":
  version: 4.2.0
  resolution: "@csstools/css-color-parser@npm:4.2.0"
  dependencies:
    "@csstools/color-helpers": ^6.1.1
    "@csstools/css-calc": ^3.3.0
  peerDependencies:
    "@csstools/css-parser-algorithms": ^4.0.0
    "@csstools/css-tokenizer": ^4.0.0
  checksum: 3d6b0e39b3c73471e138363e7e23cb7f8bcb596de36f486eda7c7f001adee58532a18d46114d4b6f62744866a7901b2446400e9d3008e8f9e6d85046f2a4cbf9
  languageName: node
  linkType: hard

"@csstools/css-parser-algorithms@npm:^4.0.0":
  version: 4.0.0
  resolution: "@csstools/css-parser-algorithms@npm:4.0.0"
  peerDependencies:
    "@csstools/css-tokenizer": ^4.0.0
  checksum: 5e7003224ac756586163f36d64d5c8fd49af24d2ec218b084a22026b4e8a6d652cbffcaf042f542cf3d2662becea2fc112f5ab2c5a61355a4a2e0f6ebeebffb2
  languageName: node
  linkType: hard

"@csstools/css-tokenizer@npm:^4.0.0":
  version: 4.0.0
  resolution: "@csstools/css-tokenizer@npm:4.0.0"
  checksum: 924d1223561c035c7e9d8cde747d0ea37c4cba5b635b401901fe3f67ef0ccc33106a7c78b9751e80519457e432d950954717497093a5df56900f258ab4a50641
  languageName: node
  linkType: hard

"@here/harp-fetch@npm:^0.11.0":
  version: 0.11.0
  resolution: "@here/harp-fetch@npm:0.11.0"
  dependencies:
    node-fetch: ^2.2.0
  checksum: 4778ec6d808fc7ddcf2a36c703dc4885cb34bad3f491686634911ca27c88977ab283dc26fdb684de6c62cd7eb949055cccd01f635ba50c547717f609d35345b8
  languageName: node
  linkType: hard

"@here/harp-fetch@npm:^0.3.6":
  version: 0.3.6
  resolution: "@here/harp-fetch@npm:0.3.6"
  dependencies:
    node-fetch: ^2.2.0
  checksum: 6385f30d0cf7a1fdcaf8c154a0146d99c7b13d6772248e760e48ae4f1ac51cb91bc853be442e36ee2274f85e8eb9cf4507b9088517165252c8894d98cd2f6324
  languageName: node
  linkType: hard

"@scope1/pkg1@workspace:packages/pkg1":
  version: 0.0.0-use.local
  resolution: "@scope1/pkg1@workspace:packages/pkg1"
  dependencies:
    "@here/harp-fetch": ^0.11.0
    pkg2: ^1.0.0
  languageName: unknown
  linkType: soft

"boolbase@npm:1.0.0":
  version: 1.0.0
  resolution: "boolbase@npm:1.0.0"
  checksum: 3e25c80ef626c3a3487c73dbfc70ac322ec830666c9ad915d11b701142fab25ec1e63eff2c450c74347acfd2de854ccde865cd79ef4db1683f7c7b046ea43bb0
  languageName: node
  linkType: hard

"long@npm:3.2.0":
  version: 3.2.0
  resolution: "long@npm:3.2.0"
  checksum: bc27bdeab42cb2f25d0a0faf5fbf77b657bd59236ae0ed649c44f91f35e632230ebd0c62d208bb4e9c69ca558a45e9c9c0810e6b5c0380a1754b8f3b5b7b62d7
  languageName: node
  linkType: hard

"node-fetch@npm:^2.2.0":
  version: 2.7.0
  resolution: "node-fetch@npm:2.7.0"
  dependencies:
    whatwg-url: ^5.0.0
  peerDependencies:
    encoding: ^0.1.0
  peerDependenciesMeta:
    encoding:
      optional: true
  checksum: d76d2f5edb451a3f05b15115ec89fc6be39de37c6089f1b6368df03b91e1633fd379a7e01b7ab05089a25034b2023d959b47e59759cb38d88341b2459e89d6e5
  languageName: node
  linkType: hard

"pkg2@^1.0.0, pkg2@workspace:packages/pkg2":
  version: 0.0.0-use.local
  resolution: "pkg2@workspace:packages/pkg2"
  dependencies:
    "@csstools/css-color-parser": ^4.2.0
    "@csstools/css-parser-algorithms": ^4.0.0
    "@csstools/css-tokenizer": ^4.0.0
    "@here/harp-fetch": ^0.3.6
  languageName: unknown
  linkType: soft

"tr46@npm:~0.0.3":
  version: 0.0.3
  resolution: "tr46@npm:0.0.3"
  checksum: 726321c5eaf41b5002e17ffbd1fb7245999a073e8979085dacd47c4b4e8068ff5777142fc6726d6ca1fd2ff16921b48788b87225cbc57c72636f6efa8efbffe3
  languageName: node
  linkType: hard

"webidl-conversions@npm:^3.0.0":
  version: 3.0.1
  resolution: "webidl-conversions@npm:3.0.1"
  checksum: c92a0a6ab95314bde9c32e1d0a6dfac83b578f8fa5f21e675bc2706ed6981bc26b7eb7e6a1fab158e5ce4adf9caa4a0aee49a52505d4d13c7be545f15021b17c
  languageName: node
  linkType: hard

"whatwg-url@npm:^5.0.0":
  version: 5.0.0
  resolution: "whatwg-url@npm:5.0.0"
  dependencies:
    tr46: ~0.0.3
    webidl-conversions: ^3.0.0
  checksum: b8daed4ad3356cc4899048a15b2c143a9aed0dfae1f611ebd55073310c7b910f522ad75d727346ad64203d7e6c79ef25eafd465f4d12775ca44b90fa82ed9e2c
  languageName: node
  linkType: hard

"workspace@workspace:.":
  version: 0.0.0-use.local
  resolution: "workspace@workspace:."
  dependencies:
    boolbase: 1.0.0
    long: 3.2.0
  languageName: unknown
  linkType: soft
