# This file is generated by running "yarn install" inside your project.
# Manual changes might be lost - proceed with caution!

__metadata:
  version: 6
  cacheKey: 8

"@here/harp-fetch@npm:^0.11.0":
  version: 0.11.0
  resolution: "@here/harp-fetch@npm:0.11.0"
  dependencies:
    node-fetch: ^2.2.0
  checksum: 4778ec6d808fc7ddcf2a36c703dc4885cb34bad3f491686634911ca27c88977ab283dc26fdb684de6c62cd7eb949055cccd01f635ba50c547717f609d35345b8
  languageName: node
  linkType: hard

"@here/harp-fetch@npm:^0.3.6":
  version: 0.3.6
  resolution: "@here/harp-fetch@npm:0.3.6"
  dependencies:
    node-fetch: ^2.2.0
  checksum: 6385f30d0cf7a1fdcaf8c154a0146d99c7b13d6772248e760e48ae4f1ac51cb91bc853be442e36ee2274f85e8eb9cf4507b9088517165252c8894d98cd2f6324
  languageName: node
  linkType: hard

"@scope1/pkg1@workspace:packages/pkg1":
  version: 0.0.0-use.local
  resolution: "@scope1/pkg1@workspace:packages/pkg1"
  dependencies:
    "@here/harp-fetch": ^0.11.0
    pkg2: ^1.0.0
  languageName: unknown
  linkType: soft

"node-fetch@npm:^2.2.0":
  version: 2.6.0
  resolution: "node-fetch@npm:2.6.0"
  checksum: 2b741e9315c1c07df4a291d0b304892fa7e8d623fe789fedd53f9bcb8d09102b07591b4b93e552a65dfc457eee9d5d879d0440aefdb64f2d78e7cb78cbad28e9
  languageName: node
  linkType: hard

"pkg2@^1.0.0, pkg2@workspace:packages/pkg2":
  version: 0.0.0-use.local
  resolution: "pkg2@workspace:packages/pkg2"
  dependencies:
    "@here/harp-fetch": ^0.3.6
  languageName: unknown
  linkType: soft

"workspace@workspace:.":
  version: 0.0.0-use.local
  resolution: "workspace@workspace:."
  languageName: unknown
  linkType: soft
