# This file is generated by running "yarn install" inside your project.
# Manual changes might be lost - proceed with caution!

__metadata:
  version: 6
  cacheKey: 8

"@csstools/color-helpers@npm:^5.0.2":
  version: 5.1.0
  resolution: "@csstools/color-helpers@npm:5.1.0"
  checksum: 2b1cef009309c30c6e6e904d259e809761a8482fe262b000dacc159d94bcd982d59d85baea449de0fd57afc98b7fc19561ffe756d2b679d56a39c48c2b9c556a
  languageName: node
  linkType: hard

"@csstools/css-calc@npm:^2.1.2":
  version: 2.1.4
  resolution: "@csstools/css-calc@npm:2.1.4"
  peerDependencies:
    "@csstools/css-parser-algorithms": ^3.0.5
    "@csstools/css-tokenizer": ^3.0.4
  checksum: b833d1a031dfb3e3268655aa384121b864fce9bad05f111a3cf2a343eed69ba5d723f3f7cd0793fd7b7a28de2f8141f94568828f48de41d86cefa452eee06390
  languageName: node
  linkType: hard

"@csstools/css-color-parser@npm:3.0.8":
  version: 3.0.8
  resolution: "@csstools/css-color-parser@npm:3.0.8"
  dependencies:
    "@csstools/color-helpers": ^5.0.2
    "@csstools/css-calc": ^2.1.2
  peerDependencies:
    "@csstools/css-parser-algorithms": ^3.0.4
    "@csstools/css-tokenizer": ^3.0.3
  checksum: 7e04e821b8ad422c888ed03d5d9d7960a54bc19c5386dd1796da3b782940c3ea90136971d374b42fe7d7111f096941f8bbe7520fa591fb716c73b5b2f4f0cedb
  languageName: node
  linkType: hard

"@here/harp-fetch@npm:^0.11.0":
  version: 0.11.0
  resolution: "@here/harp-fetch@npm:0.11.0"
  dependencies:
    node-fetch: ^2.2.0
  checksum: 4778ec6d808fc7ddcf2a36c703dc4885cb34bad3f491686634911ca27c88977ab283dc26fdb684de6c62cd7eb949055cccd01f635ba50c547717f609d35345b8
  languageName: node
  linkType: hard

"@here/harp-fetch@npm:^0.3.6":
  version: 0.3.6
  resolution: "@here/harp-fetch@npm:0.3.6"
  dependencies:
    node-fetch: ^2.2.0
  checksum: 6385f30d0cf7a1fdcaf8c154a0146d99c7b13d6772248e760e48ae4f1ac51cb91bc853be442e36ee2274f85e8eb9cf4507b9088517165252c8894d98cd2f6324
  languageName: node
  linkType: hard

"@scope1/pkg1@workspace:packages/pkg1":
  version: 0.0.0-use.local
  resolution: "@scope1/pkg1@workspace:packages/pkg1"
  dependencies:
    "@here/harp-fetch": ^0.11.0
    pkg2: ^1.0.0
  languageName: unknown
  linkType: soft

"node-fetch@npm:^2.2.0":
  version: 2.6.0
  resolution: "node-fetch@npm:2.6.0"
  checksum: 2b741e9315c1c07df4a291d0b304892fa7e8d623fe789fedd53f9bcb8d09102b07591b4b93e552a65dfc457eee9d5d879d0440aefdb64f2d78e7cb78cbad28e9
  languageName: node
  linkType: hard

"pkg2@^1.0.0, pkg2@workspace:packages/pkg2":
  version: 0.0.0-use.local
  resolution: "pkg2@workspace:packages/pkg2"
  dependencies:
    "@csstools/css-color-parser": 3.0.8
    "@here/harp-fetch": ^0.3.6
  languageName: unknown
  linkType: soft

"workspace@workspace:.":
  version: 0.0.0-use.local
  resolution: "workspace@workspace:."
  languageName: unknown
  linkType: soft
