dependencies:
  graceful-fs: 4.1.15
  path-exists: 4.0.0
devDependencies:
  '@types/graceful-fs': 4.1.3
  '@types/node': 12.0.8
  '@types/tape': 4.2.33
  exists-file: 3.0.2
  ndjson: 1.5.0
  rimraf: 2.6.3
  tape: 4.10.2
  ts-node: 8.3.0_typescript@3.5.2
  tslint: 5.17.0_typescript@3.5.2
  typescript: 3.5.2
lockfileVersion: 5.1
packages:
  /@babel/code-frame/7.0.0:
    dependencies:
      '@babel/highlight': 7.0.0
    dev: true
    resolution:
      integrity: sha512-OfC2uemaknXr87bdLUkWog7nYuliM9Ij5HUcajsVcMCpQrcLmtxRbVFTIqmcSkSeYRBFBRxs2FiUqFJDLdiebA==
  /@babel/highlight/7.0.0:
    dependencies:
      chalk: 2.4.2
      esutils: 2.0.2
      js-tokens: 4.0.0
    dev: true
    resolution:
      integrity: sha512-UFMC4ZeFC48Tpvj7C8UgLvtkaUuovQX+5xNWrsIoMG8o2z+XFKjKaN9iVmS84dPwVN00W4wPmqvYoZF3EGAsfw==
  /@types/graceful-fs/4.1.3:
    dependencies:
      '@types/node': 9.6.49
    dev: true
    resolution:
      integrity: sha512-AiHRaEB50LQg0pZmm659vNBb9f4SJ0qrAnteuzhSeAUcJKxoYgEnprg/83kppCnc2zvtCKbdZry1a5pVY3lOTQ==
  /@types/node/12.0.8:
    dev: true
    resolution:
      integrity: sha512-b8bbUOTwzIY3V5vDTY1fIJ+ePKDUBqt2hC2woVGotdQQhG/2Sh62HOKHrT7ab+VerXAcPyAiTEipPu/FsreUtg==
  /@types/node/9.6.49:
    dev: true
    resolution:
      integrity: sha512-YY0Okyn4QXC4ugJI+Kng5iWjK8A6eIHiQVaGIhJkyn0YL6Iqo0E0tBC8BuhvYcBK87vykBijM5FtMnCqaa5anA==
  /@types/tape/4.2.33:
    dependencies:
      '@types/node': 9.6.49
    dev: true
    resolution:
      integrity: sha512-ltfyuY5BIkYlGuQfwqzTDT8f0q8Z5DGppvUnWGs39oqDmMd6/UWhNpX3ZMh/VYvfxs3rFGHMrLC/eGRdLiDGuw==
  /ansi-styles/3.2.1:
    dependencies:
      color-convert: 1.9.3
    dev: true
    engines:
      node: '>=4'
    resolution:
      integrity: sha512-VT0ZI6kZRdTh8YyJw3SMbYm/u+NqfsAxEpWO0Pf9sq8/e94WxxOpPKx9FR1FlyCtOVDNOQ+8ntlqFxiRc+r5qA==
  /arg/4.1.0:
    dev: true
    resolution:
      integrity: sha512-ZWc51jO3qegGkVh8Hwpv636EkbesNV5ZNQPCtRa+0qytRYPEs9IYT9qITY9buezqUH5uqyzlWLcufrzU2rffdg==
  /argparse/1.0.10:
    dependencies:
      sprintf-js: 1.0.3
    dev: true
    resolution:
      integrity: sha512-o5Roy6tNG4SL/FOkCAN6RzjiakZS25RLYFrcMttJqbdd8BWrnA+fGz57iN5Pb06pvBGvl5gQ0B48dJlslXvoTg==
  /balanced-match/1.0.0:
    dev: true
    resolution:
      integrity: sha1-ibTRmasr7kneFk6gK4nORi1xt2c=
  /brace-expansion/1.1.11:
    dependencies:
      balanced-match: 1.0.0
      concat-map: 0.0.1
    dev: true
    resolution:
      integrity: sha512-iCuPHDFgrHX7H2vEI/5xpz07zSHB00TpugqhmYtVmMO6518mCuRMoOYFldEBl0g187ufozdaHgWKcYFb61qGiA==
  /buffer-from/1.1.1:
    dev: true
    resolution:
      integrity: sha512-MQcXEUbCKtEo7bhqEs6560Hyd4XaovZlO/k9V3hjVUF/zwW7KBVdSK4gIt/bzwS9MbR5qob+F5jusZsb0YQK2A==
  /builtin-modules/1.1.1:
    dev: true
    engines:
      node: '>=0.10.0'
    resolution:
      integrity: sha1-Jw8HbFpywC9bZaR9+Uxf46J4iS8=
  /cb2promise/1.1.1:
    dependencies:
      mimic-fn: 2.0.0
      sliced: 1.0.1
    dev: true
    engines:
      node: '>= 4'
    resolution:
      integrity: sha512-ShCxBARPFJlSO+Y4pxSpbXh6y+tW54Dmy4jKf0gB1C7qUslRqWqFi80+W9416zSoj6RsqMsnKUcpkt3bOrZmDg==
  /chalk/2.4.2:
    dependencies:
      ansi-styles: 3.2.1
      escape-string-regexp: 1.0.5
      supports-color: 5.5.0
    dev: true
    engines:
      node: '>=4'
    resolution:
      integrity: sha512-Mti+f9lpJNcwF4tWV8/OrTTtF1gZi+f8FqlyAdouralcFWFQWF2+NgCHShjkCb+IFBLq9buZwE1xckQU4peSuQ==
  /color-convert/1.9.3:
    dependencies:
      color-name: 1.1.3
    dev: true
    resolution:
      integrity: sha512-QfAUtd+vFdAtFQcC8CCyYt1fYWxSqAiK2cSD6zDB8N3cpsEBAvRxp9zOGg6G/SHHJYAT88/az/IuDGALsNVbGg==
  /color-name/1.1.3:
    dev: true
    resolution:
      integrity: sha1-p9BVi9icQveV3UIyj3QIMcpTvCU=
  /commander/2.20.0:
    dev: true
    resolution:
      integrity: sha512-7j2y+40w61zy6YC2iRNpUe/NwhNyoXrYpHMrSunaMG64nRnaf96zO/KMQR4OyN/UnE5KLyEBnKHd4aG3rskjpQ==
  /concat-map/0.0.1:
    dev: true
    resolution:
      integrity: sha1-2Klr13/Wjfd5OnMDajug1UBdR3s=
  /core-util-is/1.0.2:
    dev: true
    resolution:
      integrity: sha1-tf1UIgqivFq1eqtxQMlAdUUDwac=
  /deep-equal/1.0.1:
    dev: true
    resolution:
      integrity: sha1-9dJgKStmDghO/0zbyfCK0yR0SLU=
  /define-properties/1.1.3:
    dependencies:
      object-keys: 1.1.1
    dev: true
    engines:
      node: '>= 0.4'
    resolution:
      integrity: sha512-3MqfYKj2lLzdMSf8ZIZE/V+Zuy+BgD6f164e8K2w7dgnpKArBDerGYpM46IYYcjnkdPNMjPk9A6VFB8+3SKlXQ==
  /defined/1.0.0:
    dev: true
    resolution:
      integrity: sha1-yY2bzvdWdBiOEQlpFRGZ45sfppM=
  /diff/3.5.0:
    dev: true
    engines:
      node: '>=0.3.1'
    resolution:
      integrity: sha512-A46qtFgd+g7pDZinpnwiRJtxbC1hpgf0uzP3iG89scHk0AUC7A1TGxf5OiiOUv/JMZR8GOt8hL900hV0bOy5xA==
  /diff/4.0.1:
    dev: true
    engines:
      node: '>=0.3.1'
    resolution:
      integrity: sha512-s2+XdvhPCOF01LRQBC8hf4vhbVmI2CGS5aZnxLJlT5FtdhPCDFq80q++zK2KlrVorVDdL5BOGZ/VfLrVtYNF+Q==
  /es-abstract/1.13.0:
    dependencies:
      es-to-primitive: 1.2.0
      function-bind: 1.1.1
      has: 1.0.3
      is-callable: 1.1.4
      is-regex: 1.0.4
      object-keys: 1.1.1
    dev: true
    engines:
      node: '>= 0.4'
    resolution:
      integrity: sha512-vDZfg/ykNxQVwup/8E1BZhVzFfBxs9NqMzGcvIJrqg5k2/5Za2bWo40dK2J1pgLngZ7c+Shh8lwYtLGyrwPutg==
  /es-to-primitive/1.2.0:
    dependencies:
      is-callable: 1.1.4
      is-date-object: 1.0.1
      is-symbol: 1.0.2
    dev: true
    engines:
      node: '>= 0.4'
    resolution:
      integrity: sha512-qZryBOJjV//LaxLTV6UC//WewneB3LcXOL9NP++ozKVXsIIIpm/2c13UDiD9Jp2eThsecw9m3jPqDwTyobcdbg==
  /escape-string-regexp/1.0.5:
    dev: true
    engines:
      node: '>=0.8.0'
    resolution:
      integrity: sha1-G2HAViGQqN/2rjuyzwIAyhMLhtQ=
  /esprima/4.0.1:
    dev: true
    engines:
      node: '>=4'
    hasBin: true
    resolution:
      integrity: sha512-eGuFFw7Upda+g4p+QHvnW0RyTX/SVeJBDM/gCtMARO0cLuT2HcEKnTPvhjV6aGeqrCB/sbNop0Kszm0jsaWU4A==
  /esutils/2.0.2:
    dev: true
    engines:
      node: '>=0.10.0'
    resolution:
      integrity: sha1-Cr9PHKpbyx96nYrMbepPqqBLrJs=
  /exists-file/3.0.2:
    dependencies:
      cb2promise: 1.1.1
    dev: true
    engines:
      node: '>= 4'
    resolution:
      integrity: sha512-0mO5ZIWiJl35mTCkyyh/cU1ucn+17fOn7/P+QzNCby+/OLKOKKH9fR5kh+riKlNutxYTbZG+OHyYqFfQfpweGw==
  /for-each/0.3.3:
    dependencies:
      is-callable: 1.1.4
    dev: true
    resolution:
      integrity: sha512-jqYfLp7mo9vIyQf8ykW2v7A+2N4QjeCeI5+Dz9XraiO1ign81wjiH7Fb9vSOWvQfNtmSa4H2RoQTrrXivdUZmw==
  /fs.realpath/1.0.0:
    dev: true
    resolution:
      integrity: sha1-FQStJSMVjKpA20onh8sBQRmU6k8=
  /function-bind/1.1.1:
    dev: true
    resolution:
      integrity: sha512-yIovAzMX49sF8Yl58fSCWJ5svSLuaibPxXQJFLmBObTuCr0Mf1KiPopGM9NiFjiYBCbfaa2Fh6breQ6ANVTI0A==
  /glob/7.1.4:
    dependencies:
      fs.realpath: 1.0.0
      inflight: 1.0.6
      inherits: 2.0.3
      minimatch: 3.0.4
      once: 1.4.0
      path-is-absolute: 1.0.1
    dev: true
    resolution:
      integrity: sha512-hkLPepehmnKk41pUGm3sYxoFs/umurYfYJCerbXEyFIWcAzvpipAgVkBqqT9RBKMGjnq6kMuyYwha6csxbiM1A==
  /graceful-fs/4.1.15:
    dev: false
    resolution:
      integrity: sha512-6uHUhOPEBgQ24HM+r6b/QwWfZq+yiFcipKFrOFiBEnWdy5sdzYoi+pJeQaPI5qOLRFqWmAXUPQNsielzdLoecA==
  /has-flag/3.0.0:
    dev: true
    engines:
      node: '>=4'
    resolution:
      integrity: sha1-tdRU3CGZriJWmfNGfloH87lVuv0=
  /has-symbols/1.0.0:
    dev: true
    engines:
      node: '>= 0.4'
    resolution:
      integrity: sha1-uhqPGvKg/DllD1yFA2dwQSIGO0Q=
  /has/1.0.3:
    dependencies:
      function-bind: 1.1.1
    dev: true
    engines:
      node: '>= 0.4.0'
    resolution:
      integrity: sha512-f2dvO0VU6Oej7RkWJGrehjbzMAjFp5/VKPp5tTpWIV4JHHZK1/BxbFRtf/siA2SWTe09caDmVtYYzWEIbBS4zw==
  /inflight/1.0.6:
    dependencies:
      once: 1.4.0
      wrappy: 1.0.2
    dev: true
    resolution:
      integrity: sha1-Sb1jMdfQLQwJvJEKEHW6gWW1bfk=
  /inherits/2.0.3:
    dev: true
    resolution:
      integrity: sha1-Yzwsg+PaQqUC9SRmAiSA9CCCYd4=
  /is-callable/1.1.4:
    dev: true
    engines:
      node: '>= 0.4'
    resolution:
      integrity: sha512-r5p9sxJjYnArLjObpjA4xu5EKI3CuKHkJXMhT7kwbpUyIFD1n5PMAsoPvWnvtZiNz7LjkYDRZhd7FlI0eMijEA==
  /is-date-object/1.0.1:
    dev: true
    engines:
      node: '>= 0.4'
    resolution:
      integrity: sha1-mqIOtq7rv/d/vTPnTKAbM1gdOhY=
  /is-regex/1.0.4:
    dependencies:
      has: 1.0.3
    dev: true
    engines:
      node: '>= 0.4'
    resolution:
      integrity: sha1-VRdIm1RwkbCTDglWVM7SXul+lJE=
  /is-symbol/1.0.2:
    dependencies:
      has-symbols: 1.0.0
    dev: true
    engines:
      node: '>= 0.4'
    resolution:
      integrity: sha512-HS8bZ9ox60yCJLH9snBpIwv9pYUAkcuLhSA1oero1UB5y9aiQpRA8y2ex945AOtCZL1lJDeIk3G5LthswI46Lw==
  /isarray/1.0.0:
    dev: true
    resolution:
      integrity: sha1-u5NdSFgsuhaMBoNJV6VKPgcSTxE=
  /js-tokens/4.0.0:
    dev: true
    resolution:
      integrity: sha512-RdJUflcE3cUzKiMqQgsCu06FPu9UdIJO0beYbPhHN4k6apgJtifcoCtT9bcxOpYBtpD2kCM6Sbzg4CausW/PKQ==
  /js-yaml/3.13.1:
    dependencies:
      argparse: 1.0.10
      esprima: 4.0.1
    dev: true
    hasBin: true
    resolution:
      integrity: sha512-YfbcO7jXDdyj0DGxYVSlSeQNHbD7XPWvrVWeVUujrQEoZzWJIRrCPoyk6kL6IAjAG2IolMK4T0hNUe0HOUs5Jw==
  /json-stringify-safe/5.0.1:
    dev: true
    resolution:
      integrity: sha1-Epai1Y/UXxmg9s4B1lcB4sc1tus=
  /make-error/1.3.5:
    dev: true
    resolution:
      integrity: sha512-c3sIjNUow0+8swNwVpqoH4YCShKNFkMaw6oH1mNS2haDZQqkeZFlHS3dhoeEbKKmJB4vXpJucU6oH75aDYeE9g==
  /mimic-fn/2.0.0:
    dev: true
    engines:
      node: '>=6'
    resolution:
      integrity: sha512-jbex9Yd/3lmICXwYT6gA/j2mNQGU48wCh/VzRd+/Y/PjYQtlg1gLMdZqvu9s/xH7qKvngxRObl56XZR609IMbA==
  /minimatch/3.0.4:
    dependencies:
      brace-expansion: 1.1.11
    dev: true
    resolution:
      integrity: sha512-yJHVQEhyqPLUTgt9B83PXu6W3rx4MvvHvSUvToogpwoGDOUQ+yDrR0HRot+yOCdCO7u4hX3pWft6kWBBcqh0UA==
  /minimist/0.0.8:
    dev: true
    resolution:
      integrity: sha1-hX/Kv8M5fSYluCKCYuhqp6ARsF0=
  /minimist/1.2.0:
    dev: true
    resolution:
      integrity: sha1-o1AIsg9BOD7sH7kU9M1d95omQoQ=
  /mkdirp/0.5.1:
    dependencies:
      minimist: 0.0.8
    dev: true
    hasBin: true
    resolution:
      integrity: sha1-MAV0OOrGz3+MR2fzhkjWaX11yQM=
  /ndjson/1.5.0:
    dependencies:
      json-stringify-safe: 5.0.1
      minimist: 1.2.0
      split2: 2.2.0
      through2: 2.0.5
    dev: true
    hasBin: true
    resolution:
      integrity: sha1-rmA7NrE0vOw0e0UkIrC/mNWDLsg=
  /object-inspect/1.6.0:
    dev: true
    resolution:
      integrity: sha512-GJzfBZ6DgDAmnuaM3104jR4s1Myxr3Y3zfIyN4z3UdqN69oSRacNK8UhnobDdC+7J2AHCjGwxQubNJfE70SXXQ==
  /object-keys/1.1.1:
    dev: true
    engines:
      node: '>= 0.4'
    resolution:
      integrity: sha512-NuAESUOUMrlIXOfHKzD6bpPu3tYt3xvjNdRIQ+FeT0lNb4K8WR70CaDxhuNguS2XG+GjkyMwOzsN5ZktImfhLA==
  /once/1.4.0:
    dependencies:
      wrappy: 1.0.2
    dev: true
    resolution:
      integrity: sha1-WDsap3WWHUsROsF9nFC6753Xa9E=
  /path-exists/4.0.0:
    dev: false
    engines:
      node: '>=8'
    resolution:
      integrity: sha512-ak9Qy5Q7jYb2Wwcey5Fpvg2KoAc/ZIhLSLOSBmRmygPsGwkVVt0fZa0qrtMz+m6tJTAHfZQ8FnmB4MG4LWy7/w==
  /path-is-absolute/1.0.1:
    dev: true
    engines:
      node: '>=0.10.0'
    resolution:
      integrity: sha1-F0uSaHNVNP+8es5r9TpanhtcX18=
  /path-parse/1.0.6:
    dev: true
    resolution:
      integrity: sha512-GSmOT2EbHrINBf9SR7CDELwlJ8AENk3Qn7OikK4nFYAu3Ote2+JYNVvkpAEQm3/TLNEJFD/xZJjzyxg3KBWOzw==
  /process-nextick-args/2.0.0:
    dev: true
    resolution:
      integrity: sha512-MtEC1TqN0EU5nephaJ4rAtThHtC86dNN9qCuEhtshvpVBkAW5ZO7BASN9REnF9eoXGcRub+pFuKEpOHE+HbEMw==
  /readable-stream/2.3.6:
    dependencies:
      core-util-is: 1.0.2
      inherits: 2.0.3
      isarray: 1.0.0
      process-nextick-args: 2.0.0
      safe-buffer: 5.1.2
      string_decoder: 1.1.1
      util-deprecate: 1.0.2
    dev: true
    resolution:
      integrity: sha512-tQtKA9WIAhBF3+VLAseyMqZeBjW0AHJoxOtYqSUZNJxauErmLbVm2FW1y+J/YA9dUrAC39ITejlZWhVIwawkKw==
  /resolve/1.10.1:
    dependencies:
      path-parse: 1.0.6
    dev: true
    resolution:
      integrity: sha512-KuIe4mf++td/eFb6wkaPbMDnP6kObCaEtIDuHOUED6MNUo4K670KZUHuuvYPZDxNF0WVLw49n06M2m2dXphEzA==
  /resolve/1.11.0:
    dependencies:
      path-parse: 1.0.6
    dev: true
    resolution:
      integrity: sha512-WL2pBDjqT6pGUNSUzMw00o4T7If+z4H2x3Gz893WoUQ5KW8Vr9txp00ykiP16VBaZF5+j/OcXJHZ9+PCvdiDKw==
  /resumer/0.0.0:
    dependencies:
      through: 2.3.8
    dev: true
    resolution:
      integrity: sha1-8ej0YeQGS6Oegq883CqMiT0HZ1k=
  /rimraf/2.6.3:
    dependencies:
      glob: 7.1.4
    dev: true
    hasBin: true
    resolution:
      integrity: sha512-mwqeW5XsA2qAejG46gYdENaxXjx9onRNCfn7L0duuP4hCuTIi/QO7PDK07KJfp1d+izWPrzEJDcSqBa0OZQriA==
  /safe-buffer/5.1.2:
    dev: true
    resolution:
      integrity: sha512-Gd2UZBJDkXlY7GbJxfsE8/nvKkUEU1G38c1siN6QP6a9PT9MmHB8GnpscSmMJSoF8LOIrt8ud/wPtojys4G6+g==
  /semver/5.7.0:
    dev: true
    hasBin: true
    resolution:
      integrity: sha512-Ya52jSX2u7QKghxeoFGpLwCtGlt7j0oY9DYb5apt9nPlJ42ID+ulTXESnt/qAQcoSERyZ5sl3LDIOw0nAn/5DA==
  /sliced/1.0.1:
    dev: true
    resolution:
      integrity: sha1-CzpmK10Ewxd7GSa+qCsD+Dei70E=
  /source-map-support/0.5.12:
    dependencies:
      buffer-from: 1.1.1
      source-map: 0.6.1
    dev: true
    resolution:
      integrity: sha512-4h2Pbvyy15EE02G+JOZpUCmqWJuqrs+sEkzewTm++BPi7Hvn/HwcqLAcNxYAyI0x13CpPPn+kMjl+hplXMHITQ==
  /source-map/0.6.1:
    dev: true
    engines:
      node: '>=0.10.0'
    resolution:
      integrity: sha512-UjgapumWlbMhkBgzT7Ykc5YXUT46F0iKu8SGXq0bcwP5dz/h0Plj6enJqjz1Zbq2l5WaqYnrVbwWOWMyF3F47g==
  /split2/2.2.0:
    dependencies:
      through2: 2.0.5
    dev: true
    resolution:
      integrity: sha512-RAb22TG39LhI31MbreBgIuKiIKhVsawfTgEGqKHTK87aG+ul/PB8Sqoi3I7kVdRWiCfrKxK3uo4/YUkpNvhPbw==
  /sprintf-js/1.0.3:
    dev: true
    resolution:
      integrity: sha1-BOaSb2YolTVPPdAVIDYzuFcpfiw=
  /string.prototype.trim/1.1.2:
    dependencies:
      define-properties: 1.1.3
      es-abstract: 1.13.0
      function-bind: 1.1.1
    dev: true
    engines:
      node: '>= 0.4'
    resolution:
      integrity: sha1-0E3iyJ4Tf019IG8Ia17S+ua+jOo=
  /string_decoder/1.1.1:
    dependencies:
      safe-buffer: 5.1.2
    dev: true
    resolution:
      integrity: sha512-n/ShnvDi6FHbbVfviro+WojiFzv+s8MPMHBczVePfUpDJLwoLT0ht1l4YwBCbi8pJAveEEdnkHyPyTP/mzRfwg==
  /supports-color/5.5.0:
    dependencies:
      has-flag: 3.0.0
    dev: true
    engines:
      node: '>=4'
    resolution:
      integrity: sha512-QjVjwdXIt408MIiAqCX4oUKsgU2EqAGzs2Ppkm4aQYbjm+ZEWEcW4SfFNTr4uMNZma0ey4f5lgLrkB0aX0QMow==
  /tape/4.10.2:
    dependencies:
      deep-equal: 1.0.1
      defined: 1.0.0
      for-each: 0.3.3
      function-bind: 1.1.1
      glob: 7.1.4
      has: 1.0.3
      inherits: 2.0.3
      minimist: 1.2.0
      object-inspect: 1.6.0
      resolve: 1.10.1
      resumer: 0.0.0
      string.prototype.trim: 1.1.2
      through: 2.3.8
    dev: true
    hasBin: true
    resolution:
      integrity: sha512-mgl23h7W2yuk3N85FOYrin2OvThTYWdwbk6XQ1pr2PMJieyW2FM/4Bu/+kD/wecb3aZ0Enm+Syinyq467OPq2w==
  /through/2.3.8:
    dev: true
    resolution:
      integrity: sha1-DdTJ/6q8NXlgsbckEV1+Doai4fU=
  /through2/2.0.5:
    dependencies:
      readable-stream: 2.3.6
      xtend: 4.0.1
    dev: true
    resolution:
      integrity: sha512-/mrRod8xqpA+IHSLyGCQ2s8SPHiCDEeQJSep1jqLYeEUClOFG2Qsh+4FU6G9VeqpZnGW/Su8LQGc4YKni5rYSQ==
  /ts-node/8.3.0_typescript@3.5.2:
    dependencies:
      arg: 4.1.0
      diff: 4.0.1
      make-error: 1.3.5
      source-map-support: 0.5.12
      typescript: 3.5.2
      yn: 3.1.0
    dev: true
    engines:
      node: '>=4.2.0'
    hasBin: true
    peerDependencies:
      typescript: '>=2.0'
    resolution:
      integrity: sha512-dyNS/RqyVTDcmNM4NIBAeDMpsAdaQ+ojdf0GOLqE6nwJOgzEkdRNzJywhDfwnuvB10oa6NLVG1rUJQCpRN7qoQ==
  /tslib/1.10.0:
    dev: true
    resolution:
      integrity: sha512-qOebF53frne81cf0S9B41ByenJ3/IuH8yJKngAX35CmiZySA0khhkovshKK+jGCaMnVomla7gVlIcc3EvKPbTQ==
  /tslint/5.17.0_typescript@3.5.2:
    dependencies:
      '@babel/code-frame': 7.0.0
      builtin-modules: 1.1.1
      chalk: 2.4.2
      commander: 2.20.0
      diff: 3.5.0
      glob: 7.1.4
      js-yaml: 3.13.1
      minimatch: 3.0.4
      mkdirp: 0.5.1
      resolve: 1.11.0
      semver: 5.7.0
      tslib: 1.10.0
      tsutils: 2.29.0_typescript@3.5.2
      typescript: 3.5.2
    dev: true
    engines:
      node: '>=4.8.0'
    hasBin: true
    peerDependencies:
      typescript: '>=2.1.0 || >=2.1.0-dev || >=2.2.0-dev || >=2.3.0-dev || >=2.4.0-dev || >=2.5.0-dev || >=2.6.0-dev || >=2.7.0-dev || >=2.8.0-dev || >=2.9.0-dev || >=3.0.0-dev || >= 3.1.0-dev || >= 3.2.0-dev'
    resolution:
      integrity: sha512-pflx87WfVoYepTet3xLfDOLDm9Jqi61UXIKePOuca0qoAZyrGWonDG9VTbji58Fy+8gciUn8Bt7y69+KEVjc/w==
  /tsutils/2.29.0_typescript@3.5.2:
    dependencies:
      tslib: 1.10.0
      typescript: 3.5.2
    dev: true
    peerDependencies:
      typescript: '>=2.1.0 || >=2.1.0-dev || >=2.2.0-dev || >=2.3.0-dev || >=2.4.0-dev || >=2.5.0-dev || >=2.6.0-dev || >=2.7.0-dev || >=2.8.0-dev || >=2.9.0-dev || >= 3.0.0-dev || >= 3.1.0-dev'
    resolution:
      integrity: sha512-g5JVHCIJwzfISaXpXE1qvNalca5Jwob6FjI4AoPlqMusJ6ftFE7IkkFoMhVLRgK+4Kx3gkzb8UZK5t5yTTvEmA==
  /typescript/3.5.2:
    dev: true
    engines:
      node: '>=4.2.0'
    hasBin: true
    resolution:
      integrity: sha512-7KxJovlYhTX5RaRbUdkAXN1KUZ8PwWlTzQdHV6xNqvuFOs7+WBo10TQUqT19Q/Jz2hk5v9TQDIhyLhhJY4p5AA==
  /util-deprecate/1.0.2:
    dev: true
    resolution:
      integrity: sha1-RQ1Nyfpw3nMnYvvS1KKJgUGaDM8=
  /wrappy/1.0.2:
    dev: true
    resolution:
      integrity: sha1-tSQ9jz7BqjXxNkYFvA0QNuMKtp8=
  /xtend/4.0.1:
    dev: true
    engines:
      node: '>=0.4'
    resolution:
      integrity: sha1-pcbVMr5lbiPbgg77lDofBJmNY68=
  /yn/3.1.0:
    dev: true
    engines:
      node: '>=6'
    resolution:
      integrity: sha512-kKfnnYkbTfrAdd0xICNFw7Atm8nKpLcLv9AZGEt+kczL/WQVai4e2V6ZN8U/O+iI6WrNuJjNNOyu4zfhl9D3Hg==
specifiers:
  '@types/graceful-fs': ^4.1.3
  '@types/node': ^12.0.8
  '@types/tape': ^4.2.33
  exists-file: ^3.0.2
  graceful-fs: ^4.1.15
  ndjson: ^1.5.0
  path-exists: ^4.0.0
  rimraf: ^2.6.3
  tape: ^4.10.2
  ts-node: ^8.3.0
  tslint: ^5.17.0
  typescript: ^3.5.2
