{
  "lockfile-version": 1,
  "manifest": {
    "version": 1,
    "install": {
      "askalono": {
        "pkg-path": "askalono",
        "version": "0.5.0"
      },
      "licensee": {
        "pkg-path": "licensee",
        "version": "9.18.0"
      },
      "scancode": {
        "pkg-path": "python314Packages.scancode-toolkit",
        "version": "32.5.0"
      }
    },
    "vars": {
      "FLOX_DISABLE_METRICS": "true"
    },
    "options": {
      "systems": [
        "x86_64-linux"
      ],
      "cuda-detection": false,
      "activate": {
        "mode": "run"
      }
    }
  },
  "packages": [
    {
      "attr_path": "askalono",
      "broken": false,
      "derivation": "/nix/store/b4kwp8pq40al2fz2gvph8fc32x4s0jba-askalono-0.5.0.drv",
      "description": "Tool to detect open source licenses from texts",
      "install_id": "askalono",
      "license": "Apache-2.0",
      "locked_url": "https://github.com/flox/nixpkgs?rev=00c21e4c93d963c50d4c0c89bfa84ed6e0694df2",
      "name": "askalono-0.5.0",
      "pname": "askalono",
      "rev": "00c21e4c93d963c50d4c0c89bfa84ed6e0694df2",
      "rev_count": 940249,
      "rev_date": "2026-02-04T09:32:58Z",
      "scrape_date": "2026-02-06T06:05:45.496996Z",
      "stabilities": [
        "staging",
        "unstable"
      ],
      "unfree": false,
      "version": "0.5.0",
      "outputs_to_install": [
        "out"
      ],
      "outputs": {
        "out": "/nix/store/v47wlr4kv7wjhg5bx2cj5fxfgvli08qn-askalono-0.5.0"
      },
      "system": "x86_64-linux",
      "group": "toplevel",
      "priority": 5
    },
    {
      "attr_path": "licensee",
      "broken": false,
      "derivation": "/nix/store/3m7rjdd7v9nfkhjgr3qh45pyh3xija0c-licensee-9.18.0.drv",
      "description": "Ruby Gem to detect under what license a project is distributed",
      "install_id": "licensee",
      "license": "MIT",
      "locked_url": "https://github.com/flox/nixpkgs?rev=00c21e4c93d963c50d4c0c89bfa84ed6e0694df2",
      "name": "licensee-9.18.0",
      "pname": "licensee",
      "rev": "00c21e4c93d963c50d4c0c89bfa84ed6e0694df2",
      "rev_count": 940249,
      "rev_date": "2026-02-04T09:32:58Z",
      "scrape_date": "2026-02-06T06:06:11.687132Z",
      "stabilities": [
        "staging",
        "unstable"
      ],
      "unfree": false,
      "version": "9.18.0",
      "outputs_to_install": [
        "out"
      ],
      "outputs": {
        "out": "/nix/store/m40zxbr0qqb59p9i9i1zkshybq67ra0k-licensee-9.18.0"
      },
      "system": "x86_64-linux",
      "group": "toplevel",
      "priority": 5
    },
    {
      "attr_path": "python314Packages.scancode-toolkit",
      "broken": false,
      "derivation": "/nix/store/na5bpz8ha2ig367mrg2hqcgvk27nbv7h-python3.14-scancode-toolkit-32.5.0.drv",
      "description": "Tool to scan code for license, copyright, package and their documented dependencies and other interesting facts",
      "install_id": "scancode",
      "license": "[ Apache-2.0, CC-BY-4.0 ]",
      "locked_url": "https://github.com/flox/nixpkgs?rev=00c21e4c93d963c50d4c0c89bfa84ed6e0694df2",
      "name": "python3.14-scancode-toolkit-32.5.0",
      "pname": "scancode-toolkit",
      "rev": "00c21e4c93d963c50d4c0c89bfa84ed6e0694df2",
      "rev_count": 940249,
      "rev_date": "2026-02-04T09:32:58Z",
      "scrape_date": "2026-02-06T06:07:34.528433Z",
      "stabilities": [
        "staging",
        "unstable"
      ],
      "unfree": false,
      "version": "32.5.0",
      "outputs_to_install": [
        "out"
      ],
      "outputs": {
        "dist": "/nix/store/dg16m8i2yl9rv1jq1lnlrhw8m3bk8kx3-python3.14-scancode-toolkit-32.5.0-dist",
        "out": "/nix/store/850cbv17kbxr1v9sfxrqvyjwwq5gcv8h-python3.14-scancode-toolkit-32.5.0"
      },
      "system": "x86_64-linux",
      "group": "toplevel",
      "priority": 5
    }
  ],
  "compose": {
    "composer": {
      "version": 1,
      "vars": {
        "FLOX_DISABLE_METRICS": "true"
      },
      "options": {
        "systems": [
          "x86_64-linux"
        ],
        "cuda-detection": false,
        "activate": {
          "mode": "run"
        }
      },
      "include": {
        "environments": [
          {
            "dir": "askalono"
          },
          {
            "dir": "licensee"
          },
          {
            "dir": "scancode"
          }
        ]
      }
    },
    "include": [
      {
        "manifest": {
          "version": 1,
          "install": {
            "askalono": {
              "pkg-path": "askalono",
              "version": "0.5.0"
            }
          },
          "vars": {
            "FLOX_DISABLE_METRICS": "true"
          },
          "options": {
            "systems": [
              "x86_64-linux"
            ],
            "cuda-detection": false,
            "activate": {
              "mode": "run"
            }
          }
        },
        "name": "askalono",
        "descriptor": {
          "dir": "askalono"
        }
      },
      {
        "manifest": {
          "version": 1,
          "install": {
            "licensee": {
              "pkg-path": "licensee",
              "version": "9.18.0"
            }
          },
          "vars": {
            "FLOX_DISABLE_METRICS": "true"
          },
          "options": {
            "systems": [
              "x86_64-linux"
            ],
            "cuda-detection": false,
            "activate": {
              "mode": "run"
            }
          }
        },
        "name": "licensee",
        "descriptor": {
          "dir": "licensee"
        }
      },
      {
        "manifest": {
          "version": 1,
          "install": {
            "scancode": {
              "pkg-path": "python314Packages.scancode-toolkit",
              "version": "32.5.0"
            }
          },
          "vars": {
            "FLOX_DISABLE_METRICS": "true"
          },
          "options": {
            "systems": [
              "x86_64-linux"
            ],
            "cuda-detection": false,
            "activate": {
              "mode": "run"
            }
          }
        },
        "name": "scancode",
        "descriptor": {
          "dir": "scancode"
        }
      }
    ],
    "warnings": [
      {
        "warning": {
          "Overriding": [
            "vars",
            "FLOX_DISABLE_METRICS"
          ]
        },
        "higher_priority_name": "licensee"
      },
      {
        "warning": {
          "Overriding": [
            "options",
            "activate",
            "mode"
          ]
        },
        "higher_priority_name": "licensee"
      },
      {
        "warning": {
          "Overriding": [
            "options",
            "cuda-detection"
          ]
        },
        "higher_priority_name": "licensee"
      },
      {
        "warning": {
          "Overriding": [
            "options",
            "systems"
          ]
        },
        "higher_priority_name": "licensee"
      },
      {
        "warning": {
          "Overriding": [
            "vars",
            "FLOX_DISABLE_METRICS"
          ]
        },
        "higher_priority_name": "scancode"
      },
      {
        "warning": {
          "Overriding": [
            "options",
            "activate",
            "mode"
          ]
        },
        "higher_priority_name": "scancode"
      },
      {
        "warning": {
          "Overriding": [
            "options",
            "cuda-detection"
          ]
        },
        "higher_priority_name": "scancode"
      },
      {
        "warning": {
          "Overriding": [
            "options",
            "systems"
          ]
        },
        "higher_priority_name": "scancode"
      },
      {
        "warning": {
          "Overriding": [
            "vars",
            "FLOX_DISABLE_METRICS"
          ]
        },
        "higher_priority_name": "Current manifest"
      },
      {
        "warning": {
          "Overriding": [
            "options",
            "activate",
            "mode"
          ]
        },
        "higher_priority_name": "Current manifest"
      },
      {
        "warning": {
          "Overriding": [
            "options",
            "cuda-detection"
          ]
        },
        "higher_priority_name": "Current manifest"
      },
      {
        "warning": {
          "Overriding": [
            "options",
            "systems"
          ]
        },
        "higher_priority_name": "Current manifest"
      }
    ]
  }
}
