{
  "name": "workspace",
  "version": "1.0.0",
  "lockfileVersion": 3,
  "requires": true,
  "packages": {
    "": {
      "name": "workspace",
      "version": "1.0.0",
      "license": "Apache-2.0",
      "workspaces": [
        "packages/*"
      ],
      "dependencies": {
        "long": "3.2.0"
      },
      "devDependencies": {
        "boolbase": "1.0.0"
      }
    },
    "node_modules/@csstools/color-helpers": {
      "version": "6.1.1",
      "resolved": "https://registry.npmjs.org/@csstools/color-helpers/-/color-helpers-6.1.1.tgz",
      "integrity": "sha512-gLNsunvwf3mCi5u5o46/Z/JcJMnhbHSaZ69rkgPzNM3J4s8hWwpPUQB6/tt0EDFyCiWzxANlx+2LJwpYj4zS1w==",
      "funding": [
        {
          "type": "github",
          "url": "https://github.com/sponsors/csstools"
        },
        {
          "type": "opencollective",
          "url": "https://opencollective.com/csstools"
        }
      ],
      "license": "MIT-0",
      "engines": {
        "node": ">=20.19.0"
      }
    },
    "node_modules/@csstools/css-calc": {
      "version": "3.3.0",
      "resolved": "https://registry.npmjs.org/@csstools/css-calc/-/css-calc-3.3.0.tgz",
      "integrity": "sha512-c5ihYsPkdG6JCkU2zTMm4+k6r7RXuGxtWYhu5DHMIiF1FHzrfmHL5so11AoFpUv/tu61xfcmT4AmKoFfMPoqdQ==",
      "funding": [
        {
          "type": "github",
          "url": "https://github.com/sponsors/csstools"
        },
        {
          "type": "opencollective",
          "url": "https://opencollective.com/csstools"
        }
      ],
      "license": "MIT",
      "engines": {
        "node": ">=20.19.0"
      },
      "peerDependencies": {
        "@csstools/css-parser-algorithms": "^4.0.0",
        "@csstools/css-tokenizer": "^4.0.0"
      }
    },
    "node_modules/@csstools/css-color-parser": {
      "version": "4.2.0",
      "resolved": "https://registry.npmjs.org/@csstools/css-color-parser/-/css-color-parser-4.2.0.tgz",
      "integrity": "sha512-5+5LEmFuY1AjXdYhmgjTJogtQnP1evJ1zrBZGUNZ0thkpwnnmKxcHdAMn/OtFjAb25zA+jKDVYVRl+5G7rjv1A==",
      "funding": [
        {
          "type": "github",
          "url": "https://github.com/sponsors/csstools"
        },
        {
          "type": "opencollective",
          "url": "https://opencollective.com/csstools"
        }
      ],
      "license": "MIT",
      "dependencies": {
        "@csstools/color-helpers": "^6.1.1",
        "@csstools/css-calc": "^3.3.0"
      },
      "engines": {
        "node": ">=20.19.0"
      },
      "peerDependencies": {
        "@csstools/css-parser-algorithms": "^4.0.0",
        "@csstools/css-tokenizer": "^4.0.0"
      }
    },
    "node_modules/@csstools/css-parser-algorithms": {
      "version": "4.0.0",
      "resolved": "https://registry.npmjs.org/@csstools/css-parser-algorithms/-/css-parser-algorithms-4.0.0.tgz",
      "integrity": "sha512-+B87qS7fIG3L5h3qwJ/IFbjoVoOe/bpOdh9hAjXbvx0o8ImEmUsGXN0inFOnk2ChCFgqkkGFQ+TpM5rbhkKe4w==",
      "funding": [
        {
          "type": "github",
          "url": "https://github.com/sponsors/csstools"
        },
        {
          "type": "opencollective",
          "url": "https://opencollective.com/csstools"
        }
      ],
      "license": "MIT",
      "engines": {
        "node": ">=20.19.0"
      },
      "peerDependencies": {
        "@csstools/css-tokenizer": "^4.0.0"
      }
    },
    "node_modules/@csstools/css-tokenizer": {
      "version": "4.0.0",
      "resolved": "https://registry.npmjs.org/@csstools/css-tokenizer/-/css-tokenizer-4.0.0.tgz",
      "integrity": "sha512-QxULHAm7cNu72w97JUNCBFODFaXpbDg+dP8b/oWFAZ2MTRppA3U00Y2L1HqaS4J6yBqxwa/Y3nMBaxVKbB/NsA==",
      "funding": [
        {
          "type": "github",
          "url": "https://github.com/sponsors/csstools"
        },
        {
          "type": "opencollective",
          "url": "https://opencollective.com/csstools"
        }
      ],
      "license": "MIT",
      "engines": {
        "node": ">=20.19.0"
      }
    },
    "node_modules/@here/harp-fetch": {
      "version": "0.11.0",
      "resolved": "https://registry.npmjs.org/@here/harp-fetch/-/harp-fetch-0.11.0.tgz",
      "integrity": "sha512-Yp+3VQdDR9r66MRJ4zSSu6XemnkAz9ahz2e+RRWhdoM4OHih8zvmVbSH1H4WDCW0qkZM2W8z8c66jKPCJoHAPw==",
      "license": "Apache-2.0",
      "dependencies": {
        "node-fetch": "^2.2.0"
      }
    },
    "node_modules/@scope1/pkg1": {
      "resolved": "packages/pkg1",
      "link": true
    },
    "node_modules/boolbase": {
      "version": "1.0.0",
      "resolved": "https://registry.npmjs.org/boolbase/-/boolbase-1.0.0.tgz",
      "integrity": "sha512-JZOSA7Mo9sNGB8+UjSgzdLtokWAky1zbztM3WRLCbZ70/3cTANmQmOdR7y2g+J0e2WXywy1yS468tY+IruqEww==",
      "dev": true,
      "license": "ISC"
    },
    "node_modules/long": {
      "version": "3.2.0",
      "resolved": "https://registry.npmjs.org/long/-/long-3.2.0.tgz",
      "integrity": "sha512-ZYvPPOMqUwPoDsbJaR10iQJYnMuZhRTvHYl62ErLIEX7RgFlziSBUUvrt3OVfc47QlHHpzPZYP17g3Fv7oeJkg==",
      "license": "Apache-2.0",
      "engines": {
        "node": ">=0.6"
      }
    },
    "node_modules/node-fetch": {
      "version": "2.7.0",
      "resolved": "https://registry.npmjs.org/node-fetch/-/node-fetch-2.7.0.tgz",
      "integrity": "sha512-c4FRfUm/dbcWZ7U+1Wq0AwCyFL+3nt2bEw05wfxSz+DWpWsitgmSgYmy2dQdWyKC1694ELPqMs/YzUSNozLt8A==",
      "license": "MIT",
      "dependencies": {
        "whatwg-url": "^5.0.0"
      },
      "engines": {
        "node": "4.x || >=6.0.0"
      },
      "peerDependencies": {
        "encoding": "^0.1.0"
      },
      "peerDependenciesMeta": {
        "encoding": {
          "optional": true
        }
      }
    },
    "node_modules/pkg2": {
      "resolved": "packages/pkg2",
      "link": true
    },
    "node_modules/tr46": {
      "version": "0.0.3",
      "resolved": "https://registry.npmjs.org/tr46/-/tr46-0.0.3.tgz",
      "integrity": "sha512-N3WMsuqV66lT30CrXNbEjx4GEwlow3v6rr4mCcv6prnfwhS01rkgyFdjPNBYd9br7LpXV1+Emh01fHnq2Gdgrw==",
      "license": "MIT"
    },
    "node_modules/webidl-conversions": {
      "version": "3.0.1",
      "resolved": "https://registry.npmjs.org/webidl-conversions/-/webidl-conversions-3.0.1.tgz",
      "integrity": "sha512-2JAn3z8AR6rjK8Sm8orRC0h/bcl/DqL7tRPdGZ4I1CjdF+EaMLmYxBHyXuKL849eucPFhvBoxMsflfOb8kxaeQ==",
      "license": "BSD-2-Clause"
    },
    "node_modules/whatwg-url": {
      "version": "5.0.0",
      "resolved": "https://registry.npmjs.org/whatwg-url/-/whatwg-url-5.0.0.tgz",
      "integrity": "sha512-saE57nupxk6v3HY35+jzBwYa0rKSy0XR8JSxZPwgLr7ys0IBzhGviA1/TUGJLmSVqs8pb9AnvICXEuOHLprYTw==",
      "license": "MIT",
      "dependencies": {
        "tr46": "~0.0.3",
        "webidl-conversions": "^3.0.0"
      }
    },
    "packages/pkg1": {
      "name": "@scope1/pkg1",
      "version": "1.0.0",
      "license": "Apache-2.0",
      "dependencies": {
        "@here/harp-fetch": "^0.11.0",
        "pkg2": "^1.0.0"
      }
    },
    "packages/pkg2": {
      "version": "1.0.0",
      "license": "Apache-2.0",
      "dependencies": {
        "@csstools/css-color-parser": "^4.2.0",
        "@csstools/css-parser-algorithms": "^4.0.0",
        "@csstools/css-tokenizer": "^4.0.0",
        "@here/harp-fetch": "^0.3.6"
      }
    },
    "packages/pkg2/node_modules/@here/harp-fetch": {
      "version": "0.3.6",
      "license": "Apache-2.0",
      "dependencies": {
        "node-fetch": "^2.2.0"
      }
    }
  }
}
