{
  "lockfileVersion": 2,
  "configVersion": 1,
  "workspaces": {
    "": {
      "name": "workspace",
      "dependencies": {
        "long": "3.2.0",
      },
      "devDependencies": {
        "boolbase": "1.0.0",
      },
    },
    "packages/pkg1": {
      "name": "@scope1/pkg1",
      "version": "1.0.0",
      "dependencies": {
        "@here/harp-fetch": "^0.11.0",
        "pkg2": "^1.0.0",
      },
    },
    "packages/pkg2": {
      "name": "pkg2",
      "version": "1.0.0",
      "dependencies": {
        "@csstools/css-color-parser": "^4.2.0",
        "@csstools/css-parser-algorithms": "^4.0.0",
        "@csstools/css-tokenizer": "^4.0.0",
        "@here/harp-fetch": "^0.3.6",
      },
    },
  },
  "packages": {
    "@csstools/color-helpers": ["@csstools/color-helpers@6.1.1", "", {}, "sha512-gLNsunvwf3mCi5u5o46/Z/JcJMnhbHSaZ69rkgPzNM3J4s8hWwpPUQB6/tt0EDFyCiWzxANlx+2LJwpYj4zS1w=="],

    "@csstools/css-calc": ["@csstools/css-calc@3.3.0", "", { "peerDependencies": { "@csstools/css-parser-algorithms": "^4.0.0", "@csstools/css-tokenizer": "^4.0.0" } }, "sha512-c5ihYsPkdG6JCkU2zTMm4+k6r7RXuGxtWYhu5DHMIiF1FHzrfmHL5so11AoFpUv/tu61xfcmT4AmKoFfMPoqdQ=="],

    "@csstools/css-color-parser": ["@csstools/css-color-parser@4.2.1", "", { "dependencies": { "@csstools/color-helpers": "^6.1.1", "@csstools/css-calc": "^3.3.0" }, "peerDependencies": { "@csstools/css-parser-algorithms": "^4.0.0", "@csstools/css-tokenizer": "^4.0.0" } }, "sha512-YpAJZhaHplYQkG8ib+/Fx5Y0eF2lVWi3tIvMJA6i39TLyUNp2439cifzW8VMjhlqrBjHzK5hVGugRRm2zTKI/A=="],

    "@csstools/css-parser-algorithms": ["@csstools/css-parser-algorithms@4.0.0", "", { "peerDependencies": { "@csstools/css-tokenizer": "^4.0.0" } }, "sha512-+B87qS7fIG3L5h3qwJ/IFbjoVoOe/bpOdh9hAjXbvx0o8ImEmUsGXN0inFOnk2ChCFgqkkGFQ+TpM5rbhkKe4w=="],

    "@csstools/css-tokenizer": ["@csstools/css-tokenizer@4.0.0", "", {}, "sha512-QxULHAm7cNu72w97JUNCBFODFaXpbDg+dP8b/oWFAZ2MTRppA3U00Y2L1HqaS4J6yBqxwa/Y3nMBaxVKbB/NsA=="],

    "@here/harp-fetch": ["@here/harp-fetch@0.11.0", "", { "dependencies": { "node-fetch": "^2.2.0" } }, "sha512-Yp+3VQdDR9r66MRJ4zSSu6XemnkAz9ahz2e+RRWhdoM4OHih8zvmVbSH1H4WDCW0qkZM2W8z8c66jKPCJoHAPw=="],

    "@scope1/pkg1": ["@scope1/pkg1@workspace:packages/pkg1"],

    "boolbase": ["boolbase@1.0.0", "", {}, "sha512-JZOSA7Mo9sNGB8+UjSgzdLtokWAky1zbztM3WRLCbZ70/3cTANmQmOdR7y2g+J0e2WXywy1yS468tY+IruqEww=="],

    "long": ["long@3.2.0", "", {}, "sha512-ZYvPPOMqUwPoDsbJaR10iQJYnMuZhRTvHYl62ErLIEX7RgFlziSBUUvrt3OVfc47QlHHpzPZYP17g3Fv7oeJkg=="],

    "node-fetch": ["node-fetch@2.7.0", "", { "dependencies": { "whatwg-url": "^5.0.0" }, "peerDependencies": { "encoding": "^0.1.0" }, "optionalPeers": ["encoding"] }, "sha512-c4FRfUm/dbcWZ7U+1Wq0AwCyFL+3nt2bEw05wfxSz+DWpWsitgmSgYmy2dQdWyKC1694ELPqMs/YzUSNozLt8A=="],

    "pkg2": ["pkg2@workspace:packages/pkg2"],

    "tr46": ["tr46@0.0.3", "", {}, "sha512-N3WMsuqV66lT30CrXNbEjx4GEwlow3v6rr4mCcv6prnfwhS01rkgyFdjPNBYd9br7LpXV1+Emh01fHnq2Gdgrw=="],

    "webidl-conversions": ["webidl-conversions@3.0.1", "", {}, "sha512-2JAn3z8AR6rjK8Sm8orRC0h/bcl/DqL7tRPdGZ4I1CjdF+EaMLmYxBHyXuKL849eucPFhvBoxMsflfOb8kxaeQ=="],

    "whatwg-url": ["whatwg-url@5.0.0", "", { "dependencies": { "tr46": "~0.0.3", "webidl-conversions": "^3.0.0" } }, "sha512-saE57nupxk6v3HY35+jzBwYa0rKSy0XR8JSxZPwgLr7ys0IBzhGviA1/TUGJLmSVqs8pb9AnvICXEuOHLprYTw=="],

    "pkg2/@here/harp-fetch": ["@here/harp-fetch@0.3.6", "", { "dependencies": { "node-fetch": "^2.2.0" } }, "sha512-KtpnHQXymwfwvYWVqXh5ZV16SXLW7n8hQb1wZYDbcm+5OX/LzYWmwEzEKzxluaNxbo2vt/hM/jeqDlSEGMDelA=="],
  }
}
