{
  "lockfile-version": 1,
  "manifest": {
    "schema-version": "1.10.0",
    "install": {
      "git": {
        "pkg-path": "git"
      },
      "git-repo": {
        "pkg-path": "git-repo"
      }
    },
    "vars": {
      "FLOX_DISABLE_METRICS": "true"
    },
    "options": {
      "systems": [
        "x86_64-linux"
      ],
      "cuda-detection": false,
      "activate": {
        "mode": "run"
      }
    }
  },
  "packages": [
    {
      "attr_path": "git",
      "broken": false,
      "derivation": "/nix/store/hg2n96ng32fxylxqci9jb8rwgd4hpc5g-git-2.54.0.drv",
      "description": "Distributed version control system",
      "install_id": "git",
      "license": "GPL-2.0",
      "locked_url": "https://github.com/flox/nixpkgs?rev=567a49d1913ce81ac6e9582e3553dd90a955875f",
      "name": "git-2.54.0",
      "pname": "git",
      "rev": "567a49d1913ce81ac6e9582e3553dd90a955875f",
      "rev_count": 1017464,
      "rev_date": "2026-06-16T02:33:49Z",
      "scrape_date": "2026-06-17T04:47:05.961403Z",
      "stabilities": [
        "unstable"
      ],
      "unfree": false,
      "version": "2.54.0",
      "outputs_to_install": [
        "out",
        "out",
        "out",
        "out"
      ],
      "outputs": {
        "debug": "/nix/store/72fyakk8w8idjbksk0h8jbkq6sgvcm85-git-2.54.0-debug",
        "doc": "/nix/store/l444690y78nfdwyzm6mghagl7xa97myf-git-2.54.0-doc",
        "out": "/nix/store/bcnisk3ydfgv26v2gw3zlky24g00yww2-git-2.54.0"
      },
      "system": "x86_64-linux",
      "group": "toplevel",
      "priority": 5
    },
    {
      "attr_path": "git-repo",
      "broken": false,
      "derivation": "/nix/store/4115pwygpwgqh8rvpv2rry6q9azy7661-git-repo-2.59.drv",
      "description": "Android's repo management tool",
      "install_id": "git-repo",
      "license": "Apache-2.0",
      "locked_url": "https://github.com/flox/nixpkgs?rev=567a49d1913ce81ac6e9582e3553dd90a955875f",
      "name": "git-repo-2.59",
      "pname": "git-repo",
      "rev": "567a49d1913ce81ac6e9582e3553dd90a955875f",
      "rev_count": 1017464,
      "rev_date": "2026-06-16T02:33:49Z",
      "scrape_date": "2026-06-17T04:47:06.001998Z",
      "stabilities": [
        "unstable"
      ],
      "unfree": false,
      "version": "2.59",
      "outputs_to_install": [
        "out"
      ],
      "outputs": {
        "out": "/nix/store/rjll17hg17pzgsywq3xh7vmqvwx65apn-git-repo-2.59"
      },
      "system": "x86_64-linux",
      "group": "toplevel",
      "priority": 5
    }
  ]
}
