{
    "_readme": [
        "This file locks the dependencies of your project to a known state",
        "Read more about it at https://getcomposer.org/doc/01-basic-usage.md#installing-dependencies",
        "This file is @generated automatically"
    ],
    "content-hash": "81749c852cd1786f7e73fff8253bef98",
    "packages": [
        {
            "name": "ort/child",
            "version": "1.0.0",
            "dist": {
                "type": "file",
                "url": "composer.phar"
            },
            "provide": {
                "ort/virtual2": "2.0.0"
            },
            "type": "library"
        },
        {
            "name": "ort/virtual2",
            "version": "1.0.0",
            "dist": {
                "type": "file",
                "url": "composer.phar"
            },
            "type": "library"
        }
    ],
    "packages-dev": [],
    "aliases": [],
    "minimum-stability": "stable",
    "stability-flags": [],
    "prefer-stable": false,
    "prefer-lowest": false,
    "platform": [],
    "platform-dev": [],
    "plugin-api-version": "1.1.0"
}
