# This is a Gradle generated file for dependency locking.
# Manual edits can break the build and are not advised.
# This file is expected to be part of source control.
aopalliance:aopalliance:1.0
ch.frankel.log4k:slf4k-api:1.0.0
ch.qos.logback:logback-classic:1.2.3
ch.qos.logback:logback-core:1.2.3
com.beust:jcommander:1.74
com.fasterxml.jackson.core:jackson-annotations:2.9.5
com.fasterxml.jackson.core:jackson-core:2.9.5
com.fasterxml.jackson.core:jackson-databind:2.9.5
com.fasterxml.jackson.dataformat:jackson-dataformat-xml:2.9.5
com.fasterxml.jackson.dataformat:jackson-dataformat-yaml:2.9.5
com.fasterxml.jackson.datatype:jackson-datatype-jsr310:2.9.5
com.fasterxml.jackson.module:jackson-module-jaxb-annotations:2.9.5
com.fasterxml.jackson.module:jackson-module-kotlin:2.9.5
com.fasterxml.woodstox:woodstox-core:5.0.3
com.google.code.gson:gson:2.8.1
com.google.guava:guava:20.0
com.google.inject:guice:4.0
com.jakewharton:disklrucache:2.0.2
com.moandjiezana.toml:toml4j:0.7.2
com.squareup.okhttp3:okhttp:3.10.0
com.squareup.okio:okio:1.14.0
com.vdurmont:semver4j:2.2.0
commons-codec:commons-codec:1.11
commons-io:commons-io:2.5
javax.annotation:jsr250-api:1.0
javax.enterprise:cdi-api:1.0
javax.inject:javax.inject:1
org.apache.commons:commons-compress:1.16.1
org.apache.commons:commons-lang3:3.5
org.apache.httpcomponents:httpclient:4.5.4
org.apache.httpcomponents:httpcore:4.4.8
org.apache.maven.resolver:maven-resolver-api:1.1.1
org.apache.maven.resolver:maven-resolver-connector-basic:1.1.1
org.apache.maven.resolver:maven-resolver-impl:1.1.1
org.apache.maven.resolver:maven-resolver-spi:1.1.1
org.apache.maven.resolver:maven-resolver-transport-file:1.1.1
org.apache.maven.resolver:maven-resolver-transport-http:1.1.1
org.apache.maven.resolver:maven-resolver-util:1.1.1
org.apache.maven.shared:maven-shared-utils:3.2.1
org.apache.maven.wagon:wagon-provider-api:3.0.0
org.apache.maven:maven-artifact:3.5.3
org.apache.maven:maven-builder-support:3.5.3
org.apache.maven:maven-compat:3.5.3
org.apache.maven:maven-core:3.5.3
org.apache.maven:maven-model-builder:3.5.3
org.apache.maven:maven-model:3.5.3
org.apache.maven:maven-plugin-api:3.5.3
org.apache.maven:maven-repository-metadata:3.5.3
org.apache.maven:maven-resolver-provider:3.5.3
org.apache.maven:maven-settings-builder:3.5.3
org.apache.maven:maven-settings:3.5.3
org.codehaus.plexus:plexus-classworlds:2.5.2
org.codehaus.plexus:plexus-component-annotations:1.7.1
org.codehaus.plexus:plexus-interpolation:1.24
org.codehaus.plexus:plexus-utils:3.1.0
org.codehaus.woodstox:stax2-api:3.1.4
org.eclipse.sisu:org.eclipse.sisu.inject:0.3.3
org.eclipse.sisu:org.eclipse.sisu.plexus:0.3.3
org.gradle:gradle-tooling-api:4.8.1
org.jetbrains.kotlin:kotlin-reflect:1.2.50
org.jetbrains.kotlin:kotlin-stdlib-common:1.2.50
org.jetbrains.kotlin:kotlin-stdlib-jdk7:1.2.50
org.jetbrains.kotlin:kotlin-stdlib-jdk8:1.2.50
org.jetbrains.kotlin:kotlin-stdlib:1.2.50
org.jetbrains:annotations:13.0
org.objenesis:objenesis:2.6
org.slf4j:jcl-over-slf4j:1.7.25
org.slf4j:slf4j-api:1.7.25
org.sonatype.plexus:plexus-cipher:1.4
org.sonatype.plexus:plexus-sec-dispatcher:1.4
org.yaml:snakeyaml:1.18
