{
  "lockfile-version": 1,
  "manifest": {
    "version": 1,
    "install": {
      "askalono": {
        "pkg-path": "askalono",
        "version": "0.5.0"
      }
    },
    "vars": {
      "FLOX_DISABLE_METRICS": "true"
    },
    "options": {
      "systems": [
        "x86_64-linux"
      ],
      "cuda-detection": false,
      "activate": {
        "mode": "run"
      }
    }
  },
  "packages": [
    {
      "attr_path": "askalono",
      "broken": false,
      "derivation": "/nix/store/cs0r6zbl6bi3vxn649kd88cinv423p17-askalono-0.5.0.drv",
      "description": "Tool to detect open source licenses from texts",
      "install_id": "askalono",
      "license": "Apache-2.0",
      "locked_url": "https://github.com/flox/nixpkgs?rev=5ae3b07d8d6527c42f17c876e404993199144b6a",
      "name": "askalono-0.5.0",
      "pname": "askalono",
      "rev": "5ae3b07d8d6527c42f17c876e404993199144b6a",
      "rev_count": 901419,
      "rev_date": "2025-11-24T06:39:56Z",
      "scrape_date": "2025-11-26T03:21:45.089339Z",
      "stabilities": [
        "unstable"
      ],
      "unfree": false,
      "version": "0.5.0",
      "outputs_to_install": [
        "out"
      ],
      "outputs": {
        "out": "/nix/store/29qdm571l1avbarlwgqmqcg8smj3cnaj-askalono-0.5.0"
      },
      "system": "x86_64-linux",
      "group": "toplevel",
      "priority": 5
    }
  ]
}
