# This file is generated by running "yarn install" inside your project.
# Manual changes might be lost - proceed with caution!

__metadata:
  version: 6
  cacheKey: 8

"acorn@npm:^8.15.0":
  version: 8.15.0
  resolution: "acorn@npm:8.15.0"
  bin:
    acorn: bin/acorn
  checksum: 309c6b49aedf1a2e34aaf266de06de04aab6eb097c02375c66fdeb0f64556a6a823540409914fb364d9a11bc30d79d485a2eba29af47992d3490e9886c4391c3
  languageName: node
  linkType: hard

"confbox@npm:^0.1.8":
  version: 0.1.8
  resolution: "confbox@npm:0.1.8"
  checksum: 5c7718ab22cf9e35a31c21ef124156076ae8c9dc65e6463d54961caf5a1d529284485a0fdf83fd23b27329f3b75b0c8c07d2e36c699f5151a2efe903343f976a
  languageName: node
  linkType: hard

"mlly@npm:1.8.0, mlly@npm:^1.7.4":
  version: 1.8.0
  resolution: "mlly@npm:1.8.0"
  dependencies:
    acorn: ^8.15.0
    pathe: ^2.0.3
    pkg-types: ^1.3.1
    ufo: ^1.6.1
  checksum: cccd626d910f139881cc861bae1af8747a0911c1a5414cca059558b81286e43f271652931eec87ef3c07d9faf4225987ae3219b65a939b94e18b533fa0d22c89
  languageName: node
  linkType: hard

"pathe@npm:^2.0.1, pathe@npm:^2.0.3":
  version: 2.0.3
  resolution: "pathe@npm:2.0.3"
  checksum: 0602bdd4acb54d91044e0c56f1fb63467ae7d44ab3afea1f797947b0eb2b4d1d91cf0d58d065fdb0a8ab0c4acbbd8d3a5b424983eaf10dd5285d37a16f6e3ee9
  languageName: node
  linkType: hard

"pkg-types@npm:1.3.1, pkg-types@npm:^1.3.1":
  version: 1.3.1
  resolution: "pkg-types@npm:1.3.1"
  dependencies:
    confbox: ^0.1.8
    mlly: ^1.7.4
    pathe: ^2.0.1
  checksum: 4fa4edb2bb845646cdbd04c5c6bc43cdbc8f02ed4d1c28bfcafb6e65928aece789bcf1335e4cac5f65dfdc376e4bd7435bd509a35e9ec73ef2c076a1b88e289c
  languageName: node
  linkType: hard

"ufo@npm:^1.6.1":
  version: 1.6.1
  resolution: "ufo@npm:1.6.1"
  checksum: 2c401dd45bd98ad00806e044aa8571aa2aa1762fffeae5e78c353192b257ef2c638159789f119e5d8d5e5200e34228cd1bbde871a8f7805de25daa8576fb1633
  languageName: node
  linkType: hard

"yarn2-package-with-lockfile@workspace:.":
  version: 0.0.0-use.local
  resolution: "yarn2-package-with-lockfile@workspace:."
  dependencies:
    mlly: 1.8.0
    pkg-types: 1.3.1
  languageName: unknown
  linkType: soft
