{
  "lockfile-version": 1,
  "manifest": {
    "schema-version": "1.10.0",
    "install": {
      "provenant": {
        "flake": "github:maxhbr/provenant-nix-flake#provenant_0_1_14"
      },
      "scancode": {
        "pkg-path": "python314Packages.scancode-toolkit",
        "version": "32.5.0"
      }
    },
    "vars": {
      "FLOX_DISABLE_METRICS": "true"
    },
    "options": {
      "systems": [
        "x86_64-linux"
      ],
      "cuda-detection": false,
      "activate": {
        "mode": "run"
      }
    }
  },
  "packages": [
    {
      "attr_path": "python314Packages.scancode-toolkit",
      "broken": false,
      "derivation": "/nix/store/na5bpz8ha2ig367mrg2hqcgvk27nbv7h-python3.14-scancode-toolkit-32.5.0.drv",
      "description": "Tool to scan code for license, copyright, package and their documented dependencies and other interesting facts",
      "install_id": "scancode",
      "license": "[ Apache-2.0, CC-BY-4.0 ]",
      "locked_url": "https://github.com/flox/nixpkgs?rev=00c21e4c93d963c50d4c0c89bfa84ed6e0694df2",
      "name": "python3.14-scancode-toolkit-32.5.0",
      "pname": "scancode-toolkit",
      "rev": "00c21e4c93d963c50d4c0c89bfa84ed6e0694df2",
      "rev_count": 940249,
      "rev_date": "2026-02-04T09:32:58Z",
      "scrape_date": "2026-02-06T06:07:34.528433Z",
      "stabilities": [
        "staging",
        "unstable"
      ],
      "unfree": false,
      "version": "32.5.0",
      "outputs_to_install": [
        "out"
      ],
      "outputs": {
        "dist": "/nix/store/dg16m8i2yl9rv1jq1lnlrhw8m3bk8kx3-python3.14-scancode-toolkit-32.5.0-dist",
        "out": "/nix/store/850cbv17kbxr1v9sfxrqvyjwwq5gcv8h-python3.14-scancode-toolkit-32.5.0"
      },
      "system": "x86_64-linux",
      "group": "toplevel",
      "priority": 5
    },
    {
      "install_id": "provenant",
      "locked-url": "github:maxhbr/provenant-nix-flake/64ab83bdaeacfb1e7a98c4efeed0e105c703a3c5?narHash=sha256-9qwu6m5mucSyEWJAJx2sl5Q5xCZXKOwunuBe6asMXDE%3D",
      "flake-description": "Provenant - supply chain attestation tool",
      "locked-flake-attr-path": "packages.x86_64-linux.provenant_0_1_14",
      "derivation": "/nix/store/ia1lv49zn3rxcayhd5qn5b7iwrmjzjk4-provenant-0.1.14.drv",
      "outputs": {
        "out": "/nix/store/y96cajmiz19r7invckza4kma4y4vv932-provenant-0.1.14"
      },
      "output-names": [
        "out"
      ],
      "outputs-to-install": [
        "out"
      ],
      "requested-outputs-to-install": [],
      "package-system": "x86_64-linux",
      "system": "x86_64-linux",
      "name": "provenant-0.1.14",
      "pname": "provenant",
      "version": "0.1.14",
      "description": "Provenant - supply chain attestation tool (v0.1.14)",
      "licenses": [
        "Apache-2.0"
      ],
      "broken": false,
      "unfree": false,
      "priority": 5
    }
  ]
}
