{
  "lockfile-version": 1,
  "manifest": {
    "version": 1,
    "install": {
      "scancode": {
        "pkg-path": "python314Packages.scancode-toolkit",
        "version": "32.5.0"
      }
    },
    "vars": {
      "FLOX_DISABLE_METRICS": "true"
    },
    "options": {
      "systems": [
        "x86_64-linux"
      ],
      "cuda-detection": false,
      "activate": {
        "mode": "run"
      }
    }
  },
  "packages": [
    {
      "attr_path": "python314Packages.scancode-toolkit",
      "broken": false,
      "derivation": "/nix/store/na5bpz8ha2ig367mrg2hqcgvk27nbv7h-python3.14-scancode-toolkit-32.5.0.drv",
      "description": "Tool to scan code for license, copyright, package and their documented dependencies and other interesting facts",
      "install_id": "scancode",
      "license": "[ Apache-2.0, CC-BY-4.0 ]",
      "locked_url": "https://github.com/flox/nixpkgs?rev=00c21e4c93d963c50d4c0c89bfa84ed6e0694df2",
      "name": "python3.14-scancode-toolkit-32.5.0",
      "pname": "scancode-toolkit",
      "rev": "00c21e4c93d963c50d4c0c89bfa84ed6e0694df2",
      "rev_count": 940249,
      "rev_date": "2026-02-04T09:32:58Z",
      "scrape_date": "2026-02-06T06:07:34.528433Z",
      "stabilities": [
        "staging",
        "unstable"
      ],
      "unfree": false,
      "version": "32.5.0",
      "outputs_to_install": [
        "out"
      ],
      "outputs": {
        "dist": "/nix/store/dg16m8i2yl9rv1jq1lnlrhw8m3bk8kx3-python3.14-scancode-toolkit-32.5.0-dist",
        "out": "/nix/store/850cbv17kbxr1v9sfxrqvyjwwq5gcv8h-python3.14-scancode-toolkit-32.5.0"
      },
      "system": "x86_64-linux",
      "group": "toplevel",
      "priority": 5
    }
  ]
}
