# THIS IS AN AUTOGENERATED FILE. DO NOT EDIT THIS FILE DIRECTLY.
# yarn lockfile v1


"@vector-im/matrix-wysiwyg-wasm@link:../.cache/yarn/v6/npm-@vector-im-matrix-wysiwyg-2.38.5-fac9e56abdea0ce9d9ce0f3bc67f1de02ca637a7-integrity/node_modules/bindings/wysiwyg-wasm":
  version "0.0.0"
  uid ""

"@vector-im/matrix-wysiwyg@^2.38.5":
  version "2.38.5"
  resolved "https://registry.yarnpkg.com/@vector-im/matrix-wysiwyg/-/matrix-wysiwyg-2.38.5.tgz#fac9e56abdea0ce9d9ce0f3bc67f1de02ca637a7"
  integrity sha512-nKGGyW8+Hof4TuwTCIS2qCjUtOJ8X9tR988qSOBDdwMcu/iQh/U8h2pBfOaEbjAb6UuLzn/+bW6fOdKqeY86Jw==
  dependencies:
    "@vector-im/matrix-wysiwyg-wasm" "link:../.cache/yarn/v6/npm-@vector-im-matrix-wysiwyg-2.38.5-fac9e56abdea0ce9d9ce0f3bc67f1de02ca637a7-integrity/node_modules/bindings/wysiwyg-wasm"
