{
  "lockfile-version": 1,
  "manifest": {
    "schema-version": "1.10.0",
    "install": {
      "mercurial": {
        "pkg-path": "mercurial"
      }
    },
    "vars": {
      "FLOX_DISABLE_METRICS": "true"
    },
    "options": {
      "systems": [
        "x86_64-linux"
      ],
      "cuda-detection": false,
      "activate": {
        "mode": "run"
      }
    }
  },
  "packages": [
    {
      "attr_path": "mercurial",
      "broken": false,
      "derivation": "/nix/store/s95x25xlvhy1r106pin96062l52cvybr-mercurial-7.1.2.drv",
      "description": "Fast, lightweight SCM system for very large distributed projects",
      "install_id": "mercurial",
      "license": "GPL-2.0-or-later",
      "locked_url": "https://github.com/flox/nixpkgs?rev=567a49d1913ce81ac6e9582e3553dd90a955875f",
      "name": "mercurial-7.1.2",
      "pname": "mercurial",
      "rev": "567a49d1913ce81ac6e9582e3553dd90a955875f",
      "rev_count": 1017464,
      "rev_date": "2026-06-16T02:33:49Z",
      "scrape_date": "2026-06-17T04:47:44.196876Z",
      "stabilities": [
        "unstable"
      ],
      "unfree": false,
      "version": "7.1.2",
      "outputs_to_install": [
        "out"
      ],
      "outputs": {
        "out": "/nix/store/x1aw3v33a3lax6sdd3wgkfqv5bph4zd2-mercurial-7.1.2"
      },
      "system": "x86_64-linux",
      "group": "toplevel",
      "priority": 5
    }
  ]
}
