lockfileVersion: 5.4

importers:

  .:
    specifiers:
      json-stable-stringify: 1.0.1
      pnpm-workspaces: 'link:'
    dependencies:
      json-stable-stringify: 1.0.1
      pnpm-workspaces: 'link:'

  src/app:
    specifiers:
      testing-pnpm-package-a: 1.0.2
    dependencies:
      testing-pnpm-package-a: link:../packages/package-a

  src/packages/package-a:
    specifiers:
      chalk: 5.0.1
      is-even: 1.0.0
      require-uncached: 2.0.0
      sax: 1.2.4
    dependencies:
      chalk: 5.0.1
      is-even: 1.0.0
    optionalDependencies:
      sax: 1.2.4
    devDependencies:
      require-uncached: 2.0.0

  src/packages/package-b:
    specifiers:
      chalk: 4.0.0
    dependencies:
      chalk: 4.0.0

packages:

  /ansi-styles/4.3.0:
    resolution: {integrity: sha512-zbB9rCJAT1rbjiVDb2hqKFHNYLxgtk8NURxZ3IZwD3F6NtxbXZQCnnSi1Lkx+IDohdPlFp222wVALIheZJQSEg==}
    engines: {node: '>=8'}
    dependencies:
      color-convert: 2.0.1
    dev: false

  /caller-path/0.1.0:
    resolution: {integrity: sha512-UJiE1otjXPF5/x+T3zTnSFiTOEmJoGTD9HmBoxnCUwho61a2eSNn/VwtwuIBDAo2SEOv1AJ7ARI5gCmohFLu/g==}
    engines: {node: '>=0.10.0'}
    dependencies:
      callsites: 0.2.0
    dev: true

  /callsites/0.2.0:
    resolution: {integrity: sha512-Zv4Dns9IbXXmPkgRRUjAaJQgfN4xX5p6+RQFhWUqscdvvK2xK/ZL8b3IXIJsj+4sD+f24NwnWy2BY8AJ82JB0A==}
    engines: {node: '>=0.10.0'}
    dev: true

  /chalk/4.0.0:
    resolution: {integrity: sha512-N9oWFcegS0sFr9oh1oz2d7Npos6vNoWW9HvtCg5N1KRFpUhaAhvTv5Y58g880fZaEYSNm3qDz8SU1UrGvp+n7A==}
    engines: {node: '>=10'}
    dependencies:
      ansi-styles: 4.3.0
      supports-color: 7.2.0
    dev: false

  /chalk/5.0.1:
    resolution: {integrity: sha512-Fo07WOYGqMfCWHOzSXOt2CxDbC6skS/jO9ynEcmpANMoPrD+W1r1K6Vx7iNm+AQmETU1Xr2t+n8nzkV9t6xh3w==}
    engines: {node: ^12.17.0 || ^14.13 || >=16.0.0}
    dev: false

  /color-convert/2.0.1:
    resolution: {integrity: sha512-RRECPsj7iu/xb5oKYcsFHSppFNnsj/52OVTRKb4zP5onXwVF3zVmmToNcOfGC+CRDpfK/U584fMg38ZHCaElKQ==}
    engines: {node: '>=7.0.0'}
    dependencies:
      color-name: 1.1.4
    dev: false

  /color-name/1.1.4:
    resolution: {integrity: sha512-dOy+3AuW3a2wNbZHIuMZpTcgjGuLU/uBL/ubcZF9OXbDo8ff4O8yVp5Bf0efS8uEoYo5q4Fx7dY9OgQGXgAsQA==}
    dev: false

  /has-flag/4.0.0:
    resolution: {integrity: sha512-EykJT/Q1KjTWctppgIAgfSO0tKVuZUjhgMr17kqTumMl6Afv3EISleU7qZUzoXDFTAHTDC4NOoG/ZxU3EvlMPQ==}
    engines: {node: '>=8'}
    dev: false

  /is-buffer/1.1.6:
    resolution: {integrity: sha512-NcdALwpXkTm5Zvvbk7owOUSvVvBKDgKP5/ewfXEznmQFfs4ZRmanOeKBTjRVjka3QFoN6XJ+9F3USqfHqTaU5w==}
    dev: false

  /is-even/1.0.0:
    resolution: {integrity: sha512-LEhnkAdJqic4Dbqn58A0y52IXoHWlsueqQkKfMfdEnIYG8A1sm/GHidKkS6yvXlMoRrkM34csHnXQtOqcb+Jzg==}
    engines: {node: '>=0.10.0'}
    dependencies:
      is-odd: 0.1.2
    dev: false

  /is-number/3.0.0:
    resolution: {integrity: sha512-4cboCqIpliH+mAvFNegjZQ4kgKc3ZUhQVr3HvWbSh5q3WH2v82ct+T2Y1hdU5Gdtorx/cLifQjqCbL7bpznLTg==}
    engines: {node: '>=0.10.0'}
    dependencies:
      kind-of: 3.2.2
    dev: false

  /is-odd/0.1.2:
    resolution: {integrity: sha512-Ri7C2K7o5IrUU9UEI8losXJCCD/UtsaIrkR5sxIcFg4xQ9cRJXlWA5DQvTE0yDc0krvSNLsRGXN11UPS6KyfBw==}
    engines: {node: '>=0.10.0'}
    dependencies:
      is-number: 3.0.0
    dev: false

  /json-stable-stringify/1.0.1:
    resolution: {integrity: sha512-i/J297TW6xyj7sDFa7AmBPkQvLIxWr2kKPWI26tXydnZrzVAocNqn5DMNT1Mzk0vit1V5UkRM7C1KdVNp7Lmcg==}
    dependencies:
      jsonify: 0.0.0
    dev: false

  /jsonify/0.0.0:
    resolution: {integrity: sha512-trvBk1ki43VZptdBI5rIlG4YOzyeH/WefQt5rj1grasPn4iiZWKet8nkgc4GlsAylaztn0qZfUYOiTsASJFdNA==}
    dev: false

  /kind-of/3.2.2:
    resolution: {integrity: sha512-NOW9QQXMoZGg/oqnVNoNTTIFEIid1627WCffUBJEdMxYApq7mNE7CpzucIPc+ZQg25Phej7IJSmX3hO+oblOtQ==}
    engines: {node: '>=0.10.0'}
    dependencies:
      is-buffer: 1.1.6
    dev: false

  /require-uncached/2.0.0:
    resolution: {integrity: sha512-rPv1//BQwg4gzIbpJcKXWIfjDJEtgS8jzbsNoLcdVSE5FpBzKEKKuoG6MfCbLC28ZTv+qlQWC9/K7J5GBGPSMg==}
    engines: {node: '>=0.10.0'}
    deprecated: Renamed to `import-fresh`.
    dependencies:
      caller-path: 0.1.0
      resolve-from: 1.0.1
    dev: true

  /resolve-from/1.0.1:
    resolution: {integrity: sha512-kT10v4dhrlLNcnO084hEjvXCI1wUG9qZLoz2RogxqDQQYy7IxjI/iMUkOtQTNEh6rzHxvdQWHsJyel1pKOVCxg==}
    engines: {node: '>=0.10.0'}
    dev: true

  /sax/1.2.4:
    resolution: {integrity: sha512-NqVDv9TpANUjFm0N8uM5GxL36UgKi9/atZw+x7YFnQ8ckwFGKrl4xX4yWtrey3UJm5nP1kUbnYgLopqWNSRhWw==}
    requiresBuild: true
    dev: false
    optional: true

  /supports-color/7.2.0:
    resolution: {integrity: sha512-qpCAvRl9stuOHveKsn7HncJRvv501qIacKzQlO/+Lwxc9+0q2wLyv4Dfvt80/DPn2pqOBsJdDiogXGR9+OvwRw==}
    engines: {node: '>=8'}
    dependencies:
      has-flag: 4.0.0
    dev: false
