# This file is autogenerated, do not edit; changes may be undone by the next 'dep ensure'.


[[projects]]
  name = "github.com/fatih/color"
  packages = ["."]
  revision = "daf2830f2741ebb735b21709a520c5f37d642d85"
  version = "v1.9.0"

[[projects]]
  name = "github.com/mattn/go-colorable"
  packages = ["."]
  revision = "68e95eba382c972aafde02ead2cd2426a8a92480"
  version = "v0.1.6"

[[projects]]
  name = "github.com/mattn/go-isatty"
  packages = ["."]
  revision = "7b513a986450394f7bbf1476909911b3aa3a55ce"
  version = "v0.0.12"

[[projects]]
  branch = "master"
  name = "golang.org/x/sys"
  packages = ["internal/unsafeheader","unix"]
  revision = "05986578812163b26672dabd9b425240ae2bb0ad"

[solve-meta]
  analyzer-name = "dep"
  analyzer-version = 1
  inputs-digest = "2efdc461e66770ea05a192b03f4b41c5c7c45bff53a4b778058d787e01239514"
  solver-name = "gps-cdcl"
  solver-version = 1
