{
    "_readme": [
        "This file locks the dependencies of your project to a known state",
        "Read more about it at https://getcomposer.org/doc/01-basic-usage.md#composer-lock-the-lock-file",
        "This file is @generated automatically"
    ],
    "content-hash": "3858adcb13d4c506efa214dcc9af8898",
    "packages": [
        {
            "name": "ort/child2",
            "version": "1.0.0",
            "dist": {
                "type": "file",
                "url": "composer.phar",
                "reference": null,
                "shasum": null
            },
            "replace": {
                "ort/child3": "*",
                "ort/child4": "1.0.0"
            },
            "type": "library"
        },
        {
            "name": "ort/child4",
            "version": "2.0.0",
            "dist": {
                "type": "file",
                "url": "composer.phar",
                "reference": null,
                "shasum": null
            },
            "type": "library"
        }
    ],
    "packages-dev": [],
    "aliases": [],
    "minimum-stability": "stable",
    "stability-flags": [],
    "prefer-stable": false,
    "prefer-lowest": false,
    "platform": [],
    "platform-dev": []
}
