{
  "lockfile-version": 1,
  "manifest": {
    "version": 1,
    "install": {
      "askalono": {
        "pkg-path": "askalono",
        "version": "0.5.0"
      },
      "coreutils": {
        "pkg-path": "coreutils"
      },
      "findutils": {
        "pkg-path": "findutils"
      },
      "gnused": {
        "pkg-path": "gnused"
      },
      "jdk21": {
        "pkg-path": "jdk21"
      },
      "licensee": {
        "pkg-path": "licensee",
        "version": "9.18.0"
      },
      "scancode": {
        "pkg-path": "python313Packages.scancode-toolkit",
        "version": "32.4.1"
      }
    },
    "vars": {
      "FLOX_DISABLE_METRICS": "true"
    },
    "options": {
      "systems": [
        "x86_64-linux"
      ],
      "cuda-detection": false,
      "activate": {
        "mode": "run"
      }
    }
  },
  "packages": [
    {
      "attr_path": "askalono",
      "broken": false,
      "derivation": "/nix/store/cs0r6zbl6bi3vxn649kd88cinv423p17-askalono-0.5.0.drv",
      "description": "Tool to detect open source licenses from texts",
      "install_id": "askalono",
      "license": "Apache-2.0",
      "locked_url": "https://github.com/flox/nixpkgs?rev=5ae3b07d8d6527c42f17c876e404993199144b6a",
      "name": "askalono-0.5.0",
      "pname": "askalono",
      "rev": "5ae3b07d8d6527c42f17c876e404993199144b6a",
      "rev_count": 901419,
      "rev_date": "2025-11-24T06:39:56Z",
      "scrape_date": "2025-11-26T03:21:45.089339Z",
      "stabilities": [
        "unstable"
      ],
      "unfree": false,
      "version": "0.5.0",
      "outputs_to_install": [
        "out"
      ],
      "outputs": {
        "out": "/nix/store/29qdm571l1avbarlwgqmqcg8smj3cnaj-askalono-0.5.0"
      },
      "system": "x86_64-linux",
      "group": "toplevel",
      "priority": 5
    },
    {
      "attr_path": "coreutils",
      "broken": false,
      "derivation": "/nix/store/m507z3g5zq4lv5x99rqb6dfdh5m0xixx-coreutils-9.8.drv",
      "description": "GNU Core Utilities",
      "install_id": "coreutils",
      "license": "GPL-3.0-or-later",
      "locked_url": "https://github.com/flox/nixpkgs?rev=5ae3b07d8d6527c42f17c876e404993199144b6a",
      "name": "coreutils-9.8",
      "pname": "coreutils",
      "rev": "5ae3b07d8d6527c42f17c876e404993199144b6a",
      "rev_count": 901419,
      "rev_date": "2025-11-24T06:39:56Z",
      "scrape_date": "2025-11-26T03:21:45.670192Z",
      "stabilities": [
        "unstable"
      ],
      "unfree": false,
      "version": "9.8",
      "outputs_to_install": [
        "out"
      ],
      "outputs": {
        "debug": "/nix/store/94960sngigrxkp9c4xf1w5kkp99fn41j-coreutils-9.8-debug",
        "info": "/nix/store/y1m7chay8is0jhibk9n4a39sacbnsf8q-coreutils-9.8-info",
        "out": "/nix/store/imad8dvhp77h0pjbckp6wvmnyhp8dpgg-coreutils-9.8"
      },
      "system": "x86_64-linux",
      "group": "toplevel",
      "priority": 5
    },
    {
      "attr_path": "findutils",
      "broken": false,
      "derivation": "/nix/store/3shvx0chqk6wsazrwqv401apv1p7cbmy-findutils-4.10.0.drv",
      "description": "GNU Find Utilities, the basic directory searching utilities of the GNU operating system",
      "install_id": "findutils",
      "license": "GPL-3.0-or-later",
      "locked_url": "https://github.com/flox/nixpkgs?rev=5ae3b07d8d6527c42f17c876e404993199144b6a",
      "name": "findutils-4.10.0",
      "pname": "findutils",
      "rev": "5ae3b07d8d6527c42f17c876e404993199144b6a",
      "rev_count": 901419,
      "rev_date": "2025-11-24T06:39:56Z",
      "scrape_date": "2025-11-26T03:21:46.432840Z",
      "stabilities": [
        "unstable"
      ],
      "unfree": false,
      "version": "4.10.0",
      "outputs_to_install": [
        "out"
      ],
      "outputs": {
        "info": "/nix/store/a9zjkxa2lhxfczxh7rbv1gg92ssinpq2-findutils-4.10.0-info",
        "locate": "/nix/store/w6wisplhj1i8s7msj7qnn5xi5m02izgs-findutils-4.10.0-locate",
        "out": "/nix/store/av4xw9f56xlx5pgv862wabfif6m1yc0a-findutils-4.10.0"
      },
      "system": "x86_64-linux",
      "group": "toplevel",
      "priority": 5
    },
    {
      "attr_path": "gnused",
      "broken": false,
      "derivation": "/nix/store/379i0mbr9krm4pp924s43k1mxgpjy36d-gnused-4.9.drv",
      "description": "GNU sed, a batch stream editor",
      "install_id": "gnused",
      "license": "GPL-3.0-or-later",
      "locked_url": "https://github.com/flox/nixpkgs?rev=5ae3b07d8d6527c42f17c876e404993199144b6a",
      "name": "gnused-4.9",
      "pname": "gnused",
      "rev": "5ae3b07d8d6527c42f17c876e404993199144b6a",
      "rev_count": 901419,
      "rev_date": "2025-11-24T06:39:56Z",
      "scrape_date": "2025-11-26T03:21:47.437825Z",
      "stabilities": [
        "unstable"
      ],
      "unfree": false,
      "version": "4.9",
      "outputs_to_install": [
        "out"
      ],
      "outputs": {
        "info": "/nix/store/p0xbl3agrrybwbqykdsh18yw1vf5n0p8-gnused-4.9-info",
        "out": "/nix/store/drc7kang929jaza6cy9zdx10s4gw1z5p-gnused-4.9"
      },
      "system": "x86_64-linux",
      "group": "toplevel",
      "priority": 5
    },
    {
      "attr_path": "jdk21",
      "broken": false,
      "derivation": "/nix/store/b7j35wva9ag6zzsvd1g4hvy1zmvv4pwv-openjdk-21.0.9+10.drv",
      "description": "Open-source Java Development Kit",
      "install_id": "jdk21",
      "license": "GPL-2.0-only",
      "locked_url": "https://github.com/flox/nixpkgs?rev=5ae3b07d8d6527c42f17c876e404993199144b6a",
      "name": "openjdk-21.0.9+10",
      "pname": "jdk21",
      "rev": "5ae3b07d8d6527c42f17c876e404993199144b6a",
      "rev_count": 901419,
      "rev_date": "2025-11-24T06:39:56Z",
      "scrape_date": "2025-11-26T03:22:06.781716Z",
      "stabilities": [
        "unstable"
      ],
      "unfree": false,
      "version": "21.0.9+10",
      "outputs_to_install": [
        "out"
      ],
      "outputs": {
        "debug": "/nix/store/iqrpym2396ppr5498xci88zf6kc37yxl-openjdk-21.0.9+10-debug",
        "out": "/nix/store/65qpdkc33j5wqzxvz8c23zhgms8hl35y-openjdk-21.0.9+10"
      },
      "system": "x86_64-linux",
      "group": "toplevel",
      "priority": 5
    },
    {
      "attr_path": "licensee",
      "broken": false,
      "derivation": "/nix/store/8dz9kax6nrxfs9ih5flvqa3rzn6z4m3g-licensee-9.18.0.drv",
      "description": "Ruby Gem to detect under what license a project is distributed",
      "install_id": "licensee",
      "license": "MIT",
      "locked_url": "https://github.com/flox/nixpkgs?rev=5ae3b07d8d6527c42f17c876e404993199144b6a",
      "name": "licensee-9.18.0",
      "pname": "licensee",
      "rev": "5ae3b07d8d6527c42f17c876e404993199144b6a",
      "rev_count": 901419,
      "rev_date": "2025-11-24T06:39:56Z",
      "scrape_date": "2025-11-26T03:22:11.287396Z",
      "stabilities": [
        "unstable"
      ],
      "unfree": false,
      "version": "9.18.0",
      "outputs_to_install": [
        "out"
      ],
      "outputs": {
        "out": "/nix/store/0vvfcirkcb60fgdb5262ql2kh8s27i9z-licensee-9.18.0"
      },
      "system": "x86_64-linux",
      "group": "toplevel",
      "priority": 5
    },
    {
      "attr_path": "python313Packages.scancode-toolkit",
      "broken": false,
      "derivation": "/nix/store/4cdwapmmmbdsn4df6052hfv8dgl21rli-python3.13-scancode-toolkit-32.4.1.drv",
      "description": "Tool to scan code for license, copyright, package and their documented dependencies and other interesting facts",
      "install_id": "scancode",
      "license": "[ Apache-2.0, CC-BY-4.0 ]",
      "locked_url": "https://github.com/flox/nixpkgs?rev=5ae3b07d8d6527c42f17c876e404993199144b6a",
      "name": "python3.13-scancode-toolkit-32.4.1",
      "pname": "scancode-toolkit",
      "rev": "5ae3b07d8d6527c42f17c876e404993199144b6a",
      "rev_count": 901419,
      "rev_date": "2025-11-24T06:39:56Z",
      "scrape_date": "2025-11-26T03:23:32.725926Z",
      "stabilities": [
        "unstable"
      ],
      "unfree": false,
      "version": "32.4.1",
      "outputs_to_install": [
        "out"
      ],
      "outputs": {
        "dist": "/nix/store/r1adpf44r11x5mmajphffvwmck0fbpxw-python3.13-scancode-toolkit-32.4.1-dist",
        "out": "/nix/store/qlxbfh5mc5i047xi0qmn4zycnqpwis9n-python3.13-scancode-toolkit-32.4.1"
      },
      "system": "x86_64-linux",
      "group": "toplevel",
      "priority": 5
    }
  ],
  "compose": {
    "composer": {
      "version": 1,
      "vars": {
        "FLOX_DISABLE_METRICS": "true"
      },
      "options": {
        "systems": [
          "x86_64-linux"
        ],
        "cuda-detection": false,
        "activate": {
          "mode": "run"
        }
      },
      "include": {
        "environments": [
          {
            "dir": "../minimal"
          },
          {
            "dir": "../../plugins/scanners"
          }
        ]
      }
    },
    "include": [
      {
        "manifest": {
          "version": 1,
          "install": {
            "coreutils": {
              "pkg-path": "coreutils"
            },
            "findutils": {
              "pkg-path": "findutils"
            },
            "gnused": {
              "pkg-path": "gnused"
            },
            "jdk21": {
              "pkg-path": "jdk21"
            }
          },
          "vars": {
            "FLOX_DISABLE_METRICS": "true"
          },
          "options": {
            "systems": [
              "x86_64-linux"
            ],
            "cuda-detection": false,
            "activate": {
              "mode": "run"
            }
          }
        },
        "name": "ort-flox",
        "descriptor": {
          "dir": "../minimal"
        }
      },
      {
        "manifest": {
          "version": 1,
          "install": {
            "askalono": {
              "pkg-path": "askalono",
              "version": "0.5.0"
            },
            "licensee": {
              "pkg-path": "licensee",
              "version": "9.18.0"
            },
            "scancode": {
              "pkg-path": "python313Packages.scancode-toolkit",
              "version": "32.4.1"
            }
          },
          "vars": {
            "FLOX_DISABLE_METRICS": "true"
          },
          "options": {
            "systems": [
              "x86_64-linux"
            ],
            "cuda-detection": false,
            "activate": {
              "mode": "run"
            }
          }
        },
        "name": "scanners",
        "descriptor": {
          "dir": "../../plugins/scanners"
        }
      }
    ],
    "warnings": [
      {
        "warning": {
          "Overriding": [
            "vars",
            "FLOX_DISABLE_METRICS"
          ]
        },
        "higher_priority_name": "scanners"
      },
      {
        "warning": {
          "Overriding": [
            "options",
            "activate",
            "mode"
          ]
        },
        "higher_priority_name": "scanners"
      },
      {
        "warning": {
          "Overriding": [
            "options",
            "cuda-detection"
          ]
        },
        "higher_priority_name": "scanners"
      },
      {
        "warning": {
          "Overriding": [
            "options",
            "systems"
          ]
        },
        "higher_priority_name": "scanners"
      },
      {
        "warning": {
          "Overriding": [
            "vars",
            "FLOX_DISABLE_METRICS"
          ]
        },
        "higher_priority_name": "Current manifest"
      },
      {
        "warning": {
          "Overriding": [
            "options",
            "activate",
            "mode"
          ]
        },
        "higher_priority_name": "Current manifest"
      },
      {
        "warning": {
          "Overriding": [
            "options",
            "cuda-detection"
          ]
        },
        "higher_priority_name": "Current manifest"
      },
      {
        "warning": {
          "Overriding": [
            "options",
            "systems"
          ]
        },
        "higher_priority_name": "Current manifest"
      }
    ]
  }
}
