# This file is generated by running "yarn install" inside your project.
# Manual changes might be lost - proceed with caution!

__metadata:
  version: 6
  cacheKey: 8

"@react-native-community/netinfo@npm:11.2.1":
  version: 11.2.1
  resolution: "@react-native-community/netinfo@npm:11.2.1"
  peerDependencies:
    react-native: ">=0.59"
  checksum: d54b75c6dc6d7a8cbb054d84ed9326e1715259137e333f26cd801c6b820996cacceb5a1cf3ee94b91866361c040b7a12eb78db3695b076e8f30c3403985f98d5
  languageName: node
  linkType: hard

"@types/node@npm:*":
  version: 22.9.0
  resolution: "@types/node@npm:22.9.0"
  dependencies:
    undici-types: ~6.19.8
  checksum: c014eb3b8a110f1b87b614a40ef288d13e6b08ae9d5dafbd38951a2eebc24d352dc55330ed9d00c97ee9e64483c3cc14c4aa914c5df7ca7b9eaa1a30b2340dbd
  languageName: node
  linkType: hard

"asap@npm:~2.0.3":
  version: 2.0.6
  resolution: "asap@npm:2.0.6"
  checksum: b296c92c4b969e973260e47523207cd5769abd27c245a68c26dc7a0fe8053c55bb04360237cb51cab1df52be939da77150ace99ad331fb7fb13b3423ed73ff3d
  languageName: node
  linkType: hard

"boolbase@npm:~1.0.0":
  version: 1.0.0
  resolution: "boolbase@npm:1.0.0"
  checksum: 3e25c80ef626c3a3487c73dbfc70ac322ec830666c9ad915d11b701142fab25ec1e63eff2c450c74347acfd2de854ccde865cd79ef4db1683f7c7b046ea43bb0
  languageName: node
  linkType: hard

"cheerio@npm:1.0.0-rc.1":
  version: 1.0.0-rc.1
  resolution: "cheerio@npm:1.0.0-rc.1"
  dependencies:
    css-select: ~1.2.0
    dom-serializer: ~0.1.0
    entities: ~1.1.1
    htmlparser2: ^3.9.1
    lodash: ^4.15.0
    parse5: ^3.0.1
  checksum: 9f834be4c2e089459262d1452d9a532cb076ba5d734d1cc090aab582e51a012b7823f01f9f33a4d4058e13e0f0956104fe87ac3dbad37999ce7b0b66a3c5ac3b
  languageName: node
  linkType: hard

"coffee-script@npm:^1.10.0, coffee-script@npm:^1.12.4":
  version: 1.12.7
  resolution: "coffee-script@npm:1.12.7"
  bin:
    cake: ./bin/cake
    coffee: ./bin/coffee
  checksum: cce8dd15eda581c4c990aefcb0c8b1973713bae6b905baa5916de60e11bdc497fca68c119df20dff72b77c48e871f1bff200b61053526035a64b993b76a90d71
  languageName: node
  linkType: hard

"cson-parser@npm:^1.3.4":
  version: 1.3.5
  resolution: "cson-parser@npm:1.3.5"
  dependencies:
    coffee-script: ^1.10.0
  checksum: e54cbbc6fc0e52bc9a1114fdb940b2548cc4bc033ef91c3d2601800766e2b47f680f39c943952dee20dba9e853703cc510fb5385d8fdf91ea3f15ca143bcc1af
  languageName: node
  linkType: hard

"cson@npm:~4.1.0":
  version: 4.1.0
  resolution: "cson@npm:4.1.0"
  dependencies:
    coffee-script: ^1.12.4
    cson-parser: ^1.3.4
    extract-opts: ^3.3.1
    requirefresh: ^2.1.0
    safefs: ^4.1.0
  bin:
    cson2json: bin/cson2json
    json2cson: bin/json2cson
  checksum: 7e3a59a457388b2d3a879bc29628e11361164de8b7cc2e24aaccd531b9efe3300af9a231ebd3523f30bad4f41ec409b8fc4aa0d60a83ea35ce82bf9c031cfe91
  languageName: node
  linkType: hard

"css-select@npm:~1.2.0":
  version: 1.2.0
  resolution: "css-select@npm:1.2.0"
  dependencies:
    boolbase: ~1.0.0
    css-what: 2.1
    domutils: 1.5.1
    nth-check: ~1.0.1
  checksum: 607cca60d2f5c56701fe5f800bbe668b114395c503d4e4808edbbbe70b8be3c96a6407428dc0227fcbdf335b20468e6a9e7fd689185edfb57d402e1e4837c9b7
  languageName: node
  linkType: hard

"css-what@npm:2.1":
  version: 2.1.3
  resolution: "css-what@npm:2.1.3"
  checksum: a52d56c591a7e1c37506d0d8c4fdef72537fb8eb4cb68711485997a88d76b5a3342b73a7c79176268f95b428596c447ad7fa3488224a6b8b532e2f1f2ee8545c
  languageName: node
  linkType: hard

"dom-serializer@npm:0":
  version: 0.2.2
  resolution: "dom-serializer@npm:0.2.2"
  dependencies:
    domelementtype: ^2.0.1
    entities: ^2.0.0
  checksum: 376344893e4feccab649a14ca1a46473e9961f40fe62479ea692d4fee4d9df1c00ca8654811a79c1ca7b020096987e1ca4fb4d7f8bae32c1db800a680a0e5d5e
  languageName: node
  linkType: hard

"dom-serializer@npm:~0.1.0":
  version: 0.1.1
  resolution: "dom-serializer@npm:0.1.1"
  dependencies:
    domelementtype: ^1.3.0
    entities: ^1.1.1
  checksum: 4f6a3eff802273741931cfd3c800fab4e683236eed10628d6605f52538a6bc0ce4770f3ca2ad68a27412c103ae9b6cdaed3c0a8e20d2704192bde497bc875215
  languageName: node
  linkType: hard

"domelementtype@npm:1, domelementtype@npm:^1.3.0, domelementtype@npm:^1.3.1":
  version: 1.3.1
  resolution: "domelementtype@npm:1.3.1"
  checksum: 7893da40218ae2106ec6ffc146b17f203487a52f5228b032ea7aa470e41dfe03e1bd762d0ee0139e792195efda765434b04b43cddcf63207b098f6ae44b36ad6
  languageName: node
  linkType: hard

"domelementtype@npm:^2.0.1":
  version: 2.3.0
  resolution: "domelementtype@npm:2.3.0"
  checksum: ee837a318ff702622f383409d1f5b25dd1024b692ef64d3096ff702e26339f8e345820f29a68bcdcea8cfee3531776b3382651232fbeae95612d6f0a75efb4f6
  languageName: node
  linkType: hard

"domhandler@npm:^2.3.0":
  version: 2.4.2
  resolution: "domhandler@npm:2.4.2"
  dependencies:
    domelementtype: 1
  checksum: 49bd70c9c784f845cd047e1dfb3611bd10891c05719acfc93f01fc726a419ed09fbe0b69f9064392d556a63fffc5a02010856cedae9368f4817146d95a97011f
  languageName: node
  linkType: hard

"domutils@npm:1.5.1":
  version: 1.5.1
  resolution: "domutils@npm:1.5.1"
  dependencies:
    dom-serializer: 0
    domelementtype: 1
  checksum: 800d1f9d1c2e637267dae078ff6e24461e6be1baeb52fa70f2e7e7520816c032a925997cd15d822de53ef9896abb1f35e5c439d301500a9cd6b46a395f6f6ca0
  languageName: node
  linkType: hard

"domutils@npm:^1.5.1":
  version: 1.7.0
  resolution: "domutils@npm:1.7.0"
  dependencies:
    dom-serializer: 0
    domelementtype: 1
  checksum: f60a725b1f73c1ae82f4894b691601ecc6ecb68320d87923ac3633137627c7865725af813ae5d188ad3954283853bcf46779eb50304ec5d5354044569fcefd2b
  languageName: node
  linkType: hard

"eachr@npm:^3.2.0":
  version: 3.3.0
  resolution: "eachr@npm:3.3.0"
  dependencies:
    editions: ^2.2.0
    typechecker: ^4.9.0
  checksum: 7e62ef48554d37ed9b4fa28c4c0a5061f5982870fcf9632c3b30c0e114ceb2d29704716387ea965bde1a3f8873dbfb02eeec334f172d337fb97fc791ddeabd43
  languageName: node
  linkType: hard

"editions@npm:^2.2.0":
  version: 2.3.1
  resolution: "editions@npm:2.3.1"
  dependencies:
    errlop: ^2.0.0
    semver: ^6.3.0
  checksum: 0b08a2b50c30e7b046a3096ee66ea326158a147daac5f8c134b4bdfe4d2fe02f9916c8b92d8e86887f2379c3528df2150cc9eb3d5bc25c442b4b380d6d7a754e
  languageName: node
  linkType: hard

"entities@npm:^1.1.1, entities@npm:~1.1.1":
  version: 1.1.2
  resolution: "entities@npm:1.1.2"
  checksum: d537b02799bdd4784ffd714d000597ed168727bddf4885da887c5a491d735739029a00794f1998abbf35f3f6aeda32ef5c15010dca1817d401903a501b6d3e05
  languageName: node
  linkType: hard

"entities@npm:^2.0.0":
  version: 2.2.0
  resolution: "entities@npm:2.2.0"
  checksum: 19010dacaf0912c895ea262b4f6128574f9ccf8d4b3b65c7e8334ad0079b3706376360e28d8843ff50a78aabcb8f08f0a32dbfacdc77e47ed77ca08b713669b3
  languageName: node
  linkType: hard

"errlop@npm:^2.0.0":
  version: 2.2.0
  resolution: "errlop@npm:2.2.0"
  checksum: 9bce5eba67866b168cfbc98de46df4d7ad7a8e75fb12a40ade886d801dbe4c9d5d640a0bb6a41552a47aeda00c26db97182732213d7d523439e10dc6a853bd7d
  languageName: node
  linkType: hard

"extract-opts@npm:^3.3.1":
  version: 3.4.0
  resolution: "extract-opts@npm:3.4.0"
  dependencies:
    eachr: ^3.2.0
    editions: ^2.2.0
    typechecker: ^4.9.0
  checksum: 5fabf49c8fab95fccedd4ef46f43d1b238e8d27ca3d29577b1c39302511eacb8e6a21d3d79cda8f81cf9e316ee002cf9d5071be659cc937e617671641ebab118
  languageName: node
  linkType: hard

"graceful-fs@npm:^4.2.3":
  version: 4.2.11
  resolution: "graceful-fs@npm:4.2.11"
  checksum: ac85f94da92d8eb6b7f5a8b20ce65e43d66761c55ce85ac96df6865308390da45a8d3f0296dd3a663de65d30ba497bd46c696cc1e248c72b13d6d567138a4fc7
  languageName: node
  linkType: hard

"htmlparser2@npm:^3.9.1":
  version: 3.10.1
  resolution: "htmlparser2@npm:3.10.1"
  dependencies:
    domelementtype: ^1.3.1
    domhandler: ^2.3.0
    domutils: ^1.5.1
    entities: ^1.1.1
    inherits: ^2.0.1
    readable-stream: ^3.1.1
  checksum: 6875f7dd875aa10be17d9b130e3738cd8ed4010b1f2edaf4442c82dfafe9d9336b155870dcc39f38843cbf7fef5e4fcfdf0c4c1fd4db3a1b91a1e0ee8f6c3475
  languageName: node
  linkType: hard

"inherits@npm:^2.0.1, inherits@npm:^2.0.3":
  version: 2.0.4
  resolution: "inherits@npm:2.0.4"
  checksum: 4a48a733847879d6cf6691860a6b1e3f0f4754176e4d71494c41f3475553768b10f84b5ce1d40fbd0e34e6bfbb864ee35858ad4dd2cf31e02fc4a154b724d7f1
  languageName: node
  linkType: hard

"lodash@npm:^4.15.0":
  version: 4.17.21
  resolution: "lodash@npm:4.17.21"
  checksum: eb835a2e51d381e561e508ce932ea50a8e5a68f4ebdd771ea240d3048244a8d13658acbd502cd4829768c56f2e16bdd4340b9ea141297d472517b83868e677f7
  languageName: node
  linkType: hard

"long@npm:^3.2.0":
  version: 3.2.0
  resolution: "long@npm:3.2.0"
  checksum: bc27bdeab42cb2f25d0a0faf5fbf77b657bd59236ae0ed649c44f91f35e632230ebd0c62d208bb4e9c69ca558a45e9c9c0810e6b5c0380a1754b8f3b5b7b62d7
  languageName: node
  linkType: hard

"nth-check@npm:~1.0.1":
  version: 1.0.2
  resolution: "nth-check@npm:1.0.2"
  dependencies:
    boolbase: ~1.0.0
  checksum: 59e115fdd75b971d0030f42ada3aac23898d4c03aa13371fa8b3339d23461d1badf3fde5aad251fb956aaa75c0a3b9bfcd07c08a34a83b4f9dadfdce1d19337c
  languageName: node
  linkType: hard

"parse5@npm:^3.0.1":
  version: 3.0.3
  resolution: "parse5@npm:3.0.3"
  dependencies:
    "@types/node": "*"
  checksum: 6a82d59d60496f4a8bba99daee37eda728adb403197b9c9a163dcc02e369758992bcc67f1618d4f1445f4b12e7651e001c2847e446b8376d4d706e1d571f570d
  languageName: node
  linkType: hard

"promise@npm:~7.3.1":
  version: 7.3.1
  resolution: "promise@npm:7.3.1"
  dependencies:
    asap: ~2.0.3
  checksum: 475bb069130179fbd27ed2ab45f26d8862376a137a57314cf53310bdd85cc986a826fd585829be97ebc0aaf10e9d8e68be1bfe5a4a0364144b1f9eedfa940cf1
  languageName: node
  linkType: hard

"readable-stream@npm:^3.1.1":
  version: 3.6.2
  resolution: "readable-stream@npm:3.6.2"
  dependencies:
    inherits: ^2.0.3
    string_decoder: ^1.1.1
    util-deprecate: ^1.0.1
  checksum: bdcbe6c22e846b6af075e32cf8f4751c2576238c5043169a1c221c92ee2878458a816a4ea33f4c67623c0b6827c8a400409bfb3cf0bf3381392d0b1dfb52ac8d
  languageName: node
  linkType: hard

"requirefresh@npm:^2.1.0":
  version: 2.3.0
  resolution: "requirefresh@npm:2.3.0"
  dependencies:
    editions: ^2.2.0
  checksum: f5fbb69edf2bb350cd8e558796093e175f60e8029f62cc7ea78df1fadc08752a802782bcf3148bd17d69c47d2924cfce479dc88177ce1e63436d518c544d5f9d
  languageName: node
  linkType: hard

"safe-buffer@npm:~5.2.0":
  version: 5.2.1
  resolution: "safe-buffer@npm:5.2.1"
  checksum: b99c4b41fdd67a6aaf280fcd05e9ffb0813654894223afb78a31f14a19ad220bba8aba1cb14eddce1fcfb037155fe6de4e861784eb434f7d11ed58d1e70dd491
  languageName: node
  linkType: hard

"safefs@npm:^4.1.0":
  version: 4.2.0
  resolution: "safefs@npm:4.2.0"
  dependencies:
    editions: ^2.2.0
    graceful-fs: ^4.2.3
  checksum: b4a86c57a06302b62dc96714fdc1939005561e99bf7d4a539a65ba85d473ed8bf85a2895bab0d952a727dfc6d7c1008db05e558293cd49f216c19e571844b985
  languageName: node
  linkType: hard

"semver@npm:^6.3.0":
  version: 6.3.1
  resolution: "semver@npm:6.3.1"
  bin:
    semver: bin/semver.js
  checksum: ae47d06de28836adb9d3e25f22a92943477371292d9b665fb023fae278d345d508ca1958232af086d85e0155aee22e313e100971898bbb8d5d89b8b1d4054ca2
  languageName: node
  linkType: hard

"string_decoder@npm:^1.1.1":
  version: 1.3.0
  resolution: "string_decoder@npm:1.3.0"
  dependencies:
    safe-buffer: ~5.2.0
  checksum: 8417646695a66e73aefc4420eb3b84cc9ffd89572861fe004e6aeb13c7bc00e2f616247505d2dbbef24247c372f70268f594af7126f43548565c68c117bdeb56
  languageName: node
  linkType: hard

"typechecker@npm:^4.9.0":
  version: 4.11.0
  resolution: "typechecker@npm:4.11.0"
  dependencies:
    editions: ^2.2.0
  checksum: 645ae88feab29874ec93f24dbd203d5a03c77fd21541e5d0dc0b53081392a2c7bda474712b25ae6f888ee73aa03c4bccb021b1e6b53ac5d3f900c970e10eb597
  languageName: node
  linkType: hard

"undici-types@npm:~6.19.8":
  version: 6.19.8
  resolution: "undici-types@npm:6.19.8"
  checksum: de51f1b447d22571cf155dfe14ff6d12c5bdaec237c765085b439c38ca8518fc360e88c70f99469162bf2e14188a7b0bcb06e1ed2dc031042b984b0bb9544017
  languageName: node
  linkType: hard

"util-deprecate@npm:^1.0.1":
  version: 1.0.2
  resolution: "util-deprecate@npm:1.0.2"
  checksum: 474acf1146cb2701fe3b074892217553dfcf9a031280919ba1b8d651a068c9b15d863b7303cb15bd00a862b498e6cf4ad7b4a08fb134edd5a6f7641681cb54a2
  languageName: node
  linkType: hard

"yarn2-package-with-lockfile@workspace:.":
  version: 0.0.0-use.local
  resolution: "yarn2-package-with-lockfile@workspace:."
  dependencies:
    "@react-native-community/netinfo": 11.2.1
    cheerio: 1.0.0-rc.1
    cson: ~4.1.0
    long: ^3.2.0
    promise: ~7.3.1
  dependenciesMeta:
    promise:
      optional: true
  languageName: unknown
  linkType: soft
