{
  "name": "HD-Live-Map-Viewer",
  "version": "2.0.0",
  "dependencies": {
    "@types/node": {
      "version": "6.0.73"
    },
    "boolbase": {
      "version": "1.0.0"
    },
    "buffer-shims": {
      "version": "1.0.0"
    },
    "cheerio": {
      "version": "1.0.0-rc.1"
    },
    "core-util-is": {
      "version": "1.0.2"
    },
    "css-select": {
      "version": "1.2.0"
    },
    "css-what": {
      "version": "2.1.0"
    },
    "dom-serializer": {
      "version": "0.1.0",
      "dependencies": {
        "domelementtype": {
          "version": "1.1.3"
        }
      }
    },
    "domelementtype": {
      "version": "1.3.0"
    },
    "domhandler": {
      "version": "2.4.1"
    },
    "domutils": {
      "version": "1.5.1"
    },
    "entities": {
      "version": "1.1.1"
    },
    "htmlparser2": {
      "version": "3.9.2"
    },
    "inherits": {
      "version": "2.0.3"
    },
    "isarray": {
      "version": "1.0.0"
    },
    "lodash": {
      "version": "4.17.4"
    },
    "long": {
      "version": "3.2.0"
    },
    "nth-check": {
      "version": "1.0.1"
    },
    "parse5": {
      "version": "3.0.2"
    },
    "process-nextick-args": {
      "version": "1.0.7"
    },
    "readable-stream": {
      "version": "2.2.9"
    },
    "safe-buffer": {
      "version": "5.0.1"
    },
    "string_decoder": {
      "version": "1.0.1"
    },
    "util-deprecate": {
      "version": "1.0.2"
    }
  }
}
